
Microsoft Visual Studio Solution File, Format Version 12.00
# Visual Studio Version 16
VisualStudioVersion = 16.0.28729.10
MinimumVisualStudioVersion = 10.0.40219.1
Project("{2150E333-8FDC-42A3-9474-1A3956D46DE8}") = "Solution Items", "Solution Items", "{4CA2C501-1E47-4C8A-A91B-8E6A869628ED}"
	ProjectSection(SolutionItems) = preProject
		.editorconfig = .editorconfig
		Directory.Build.props = Directory.Build.props
		Directory.Build.targets = Directory.Build.targets
		Index.md = Index.md
		LICENSE = LICENSE
		README.md = README.md
		toc.yml = toc.yml
		VersionControl.proj = VersionControl.proj
	EndProjectSection
EndProject
Project("{9A19103F-16F7-4668-BE54-9A1E7A4F7556}") = "ATAP.Utilities.DateTime", "ATAP.Utilities.DateTime\ATAP.Utilities.DateTime.csproj", "{9DEDDD4C-B2FB-4BB3-8C2C-26BC2FED4D83}"
EndProject
Project("{9A19103F-16F7-4668-BE54-9A1E7A4F7556}") = "ATAP.Utilities.Testing", "ATAP.Utilities.UnitTest\ATAP.Utilities.Testing.csproj", "{9D765FA6-44DB-4A1E-8886-D2FEFF8DCA13}"
EndProject
Project("{9A19103F-16F7-4668-BE54-9A1E7A4F7556}") = "ATAP.Utilities.Logging", "ATAP.Utilities.Logging\ATAP.Utilities.Logging.csproj", "{B8DDB1DA-F124-4DF3-9497-2927F73B678D}"
EndProject
Project("{9A19103F-16F7-4668-BE54-9A1E7A4F7556}") = "ATAP.Utilities.String", "ATAP.Utilities.String\ATAP.Utilities.String.csproj", "{16742D2A-7546-4534-884D-F386A09DCB3B}"
EndProject
Project("{9A19103F-16F7-4668-BE54-9A1E7A4F7556}") = "ATAP.Utilities.String.UnitTests", "ATAP.Utilities.String.UnitTests\ATAP.Utilities.String.UnitTests.csproj", "{D0E1AD43-554A-40F9-8F35-324A1A1612B7}"
EndProject
Project("{9A19103F-16F7-4668-BE54-9A1E7A4F7556}") = "ATAP.Utilities.DateTime.UnitTests", "ATAP.Utilities.DateTime.UnitTests\ATAP.Utilities.DateTime.UnitTests.csproj", "{9BCADBFA-9F96-475A-A134-F17C34AEBF6C}"
EndProject
Project("{9A19103F-16F7-4668-BE54-9A1E7A4F7556}") = "ATAP.Utilities.Logging.UnitTests", "ATAP.Utilities.Logging.UnitTests\ATAP.Utilities.Logging.UnitTests.csproj", "{37605D6E-FF53-4E67-84EF-C4A02EE322AF}"
EndProject
Project("{9A19103F-16F7-4668-BE54-9A1E7A4F7556}") = "ATAP.Utilities.Enumeration", "ATAP.Utilities.Enumeration\ATAP.Utilities.Enumeration.csproj", "{0D9B33E0-65C8-4C22-ADE4-787E37EC632E}"
EndProject
Project("{9A19103F-16F7-4668-BE54-9A1E7A4F7556}") = "ATAP.Utilities.Enumeration.UnitTests", "ATAP.Utilities.Enumeration.UnitTests\ATAP.Utilities.Enumeration.UnitTests.csproj", "{CFAD03DD-277D-417E-95CC-57D98E2C2EBF}"
EndProject
Project("{9A19103F-16F7-4668-BE54-9A1E7A4F7556}") = "ATAP.Utilities._1ConsoleTestRunner", "ATAP.Utilities.1ConsoleTestRunner\ATAP.Utilities._1ConsoleTestRunner.csproj", "{9293C0CA-6E85-4448-801B-F92600C78787}"
EndProject
Project("{9A19103F-16F7-4668-BE54-9A1E7A4F7556}") = "ATAP.Utilities.ZSandbox", "ATAP.Utilities.ZSandbox\ATAP.Utilities.ZSandbox.csproj", "{2854F171-F406-4731-8C11-137E9284262B}"
EndProject
Project("{9A19103F-16F7-4668-BE54-9A1E7A4F7556}") = "ATAP.Utilities.ZSandbox.UnitTests", "ATAP.Utilities.ZSandbox.UnitTests\ATAP.Utilities.ZSandbox.UnitTests.csproj", "{0A301C4A-9886-48E9-AA39-085D07E66482}"
EndProject
Project("{9A19103F-16F7-4668-BE54-9A1E7A4F7556}") = "ATAP.Utilities.Testing.UnitTests", "ATAP.Utilities.UnitTest.UnitTests\ATAP.Utilities.Testing.UnitTests.csproj", "{163CFFE9-AB84-46AD-A83A-175F33AF3DB6}"
EndProject
Project("{9A19103F-16F7-4668-BE54-9A1E7A4F7556}") = "ATAP.Utilities.Http", "ATAP.Utilities.Http\ATAP.Utilities.Http.csproj", "{10DC5525-66C4-4FC6-8B41-B0C96E94632B}"
EndProject
Project("{9A19103F-16F7-4668-BE54-9A1E7A4F7556}") = "ATAP.Utilities.Http.UnitTests", "ATAP.Utilities.Http.UnitTests\ATAP.Utilities.Http.UnitTests.csproj", "{FC73DB9F-64DD-4D44-B68C-F3767AA6A337}"
EndProject
Project("{9A19103F-16F7-4668-BE54-9A1E7A4F7556}") = "ATAP.Utilities.Tcp", "ATAP.Utilities.Tcp\ATAP.Utilities.Tcp.csproj", "{87896186-203D-4A81-A1D9-01552470BB0F}"
EndProject
Project("{9A19103F-16F7-4668-BE54-9A1E7A4F7556}") = "ATAP.Utilities.Tcp.UnitTests", "ATAP.Utilities.Tcp.UnitTests\ATAP.Utilities.Tcp.UnitTests.csproj", "{1E2256BE-F4B2-4519-AE66-A314CF7799A8}"
EndProject
Project("{9A19103F-16F7-4668-BE54-9A1E7A4F7556}") = "OpenHardwareMonitorLib", "OpenHardwareMonitorLib\OpenHardwareMonitorLib.csproj", "{B0403790-9BEE-4EC7-979A-5895E151B9BC}"
EndProject
Project("{9A19103F-16F7-4668-BE54-9A1E7A4F7556}") = "ATAP.Utilities.ComputerInventory.Enumerations", "ATAP.Utilities.ComputerInventory.Enumerations\ATAP.Utilities.ComputerInventory.Enumerations.csproj", "{AA7F491D-1D0B-4B76-AB6E-E34331F8BB4A}"
EndProject
Project("{9A19103F-16F7-4668-BE54-9A1E7A4F7556}") = "ATAP.Utilities.ComputerInventory.Models", "ATAP.Utilities.ComputerInventory.Models\ATAP.Utilities.ComputerInventory.Models.csproj", "{916E4C82-9680-4876-B302-A17B82EBF3A5}"
EndProject
Project("{9A19103F-16F7-4668-BE54-9A1E7A4F7556}") = "ATAP.Utilities.ComputerInventory.Extensions", "ATAP.Utilities.ComputerInventory.Extensions\ATAP.Utilities.ComputerInventory.Extensions.csproj", "{BA77F91E-3BE9-4F1C-956A-56EE711E002D}"
EndProject
Project("{9A19103F-16F7-4668-BE54-9A1E7A4F7556}") = "ATAP.Utilities.ComputerInventory.UnitTests", "ATAP.Utilities.ComputerInventory.UnitTests\ATAP.Utilities.ComputerInventory.UnitTests.csproj", "{84AAB1CA-DCF2-40A3-B82B-1A8721A831E4}"
EndProject
Project("{9A19103F-16F7-4668-BE54-9A1E7A4F7556}") = "ATAP.Utilities.CryptoCoin.Enumerations", "ATAP.Utilities.CryptoCoin.Enumerations\ATAP.Utilities.CryptoCoin.Enumerations.csproj", "{5BBC9254-FAB7-4EED-980F-F256387D7D80}"
EndProject
Project("{9A19103F-16F7-4668-BE54-9A1E7A4F7556}") = "ATAP.Utilities.CryptoCoin.Models", "ATAP.Utilities.CryptoCoin.Models\ATAP.Utilities.CryptoCoin.Models.csproj", "{5D10533D-42BE-4C88-A64C-A371D1350000}"
EndProject
Project("{9A19103F-16F7-4668-BE54-9A1E7A4F7556}") = "ATAP.Utilities.CryptoCoin.Extensions", "ATAP.Utilities.CryptoCoin.Extensions\ATAP.Utilities.CryptoCoin.Extensions.csproj", "{8A45D584-0489-4531-90DF-40FFE9F1EC53}"
EndProject
Project("{9A19103F-16F7-4668-BE54-9A1E7A4F7556}") = "ATAP.Utilities.CryptoCoin.UnitTests", "ATAP.Utilities.CryptoCoin.UnitTests\ATAP.Utilities.CryptoCoin.UnitTests.csproj", "{8182B668-322F-4EAE-871B-6B94C042F01C}"
EndProject
Project("{9A19103F-16F7-4668-BE54-9A1E7A4F7556}") = "ATAP.Utilities.CryptoMiner.Enumerations", "ATAP.Utilities.CryptoMiner.Enumerations\ATAP.Utilities.CryptoMiner.Enumerations.csproj", "{93F4B3EA-4301-43E7-9462-FEB8DB3B5F1A}"
EndProject
Project("{9A19103F-16F7-4668-BE54-9A1E7A4F7556}") = "ATAP.Utilities.CryptoMiner.Models", "ATAP.Utilities.CryptoMiner.Models\ATAP.Utilities.CryptoMiner.Models.csproj", "{1A13A5C1-54D0-43E3-B171-4B5C27940637}"
EndProject
Project("{9A19103F-16F7-4668-BE54-9A1E7A4F7556}") = "ATAP.Utilities.CryptoMiner.Extensions", "ATAP.Utilities.CryptoMiner.Extensions\ATAP.Utilities.CryptoMiner.Extensions.csproj", "{A27F8B9A-CAF3-45D4-94D0-190B29EF58D5}"
EndProject
Project("{9A19103F-16F7-4668-BE54-9A1E7A4F7556}") = "ATAP.Utilities.CryptoMiner.UnitTests", "ATAP.Utilities.CryptoMiner.UnitTests\ATAP.Utilities.CryptoMiner.UnitTests.csproj", "{BC39C377-C9A5-43BF-A07C-E8D3462BDDAC}"
EndProject
Project("{9A19103F-16F7-4668-BE54-9A1E7A4F7556}") = "ATAP.Utilities.ComputerInventory.Configuration", "ATAP.Utilities.ComputerInventory.Configuration\ATAP.Utilities.ComputerInventory.Configuration.csproj", "{D4CEE619-BAC8-4797-9277-5055EEBE4DB9}"
EndProject
Project("{9A19103F-16F7-4668-BE54-9A1E7A4F7556}") = "ATAP.Utilities.BuildTooling.CSharp", "ATAP.Utilities.BuildTooling.CSharp\ATAP.Utilities.BuildTooling.CSharp.csproj", "{0AC51559-80D3-4C2C-BDA6-495CB26F02FC}"
EndProject
Project("{F5034706-568F-408A-B7B3-4D38C6DB8A32}") = "ATAP.Utilities.BuildTooling.PowerShell", "ATAP.Utilities.BuildTooling.PowerShell\ATAP.Utilities.BuildTooling.PowerShell.pssproj", "{DBD8663F-C30C-4702-B97A-5365529B4D15}"
EndProject
Project("{9A19103F-16F7-4668-BE54-9A1E7A4F7556}") = "ATAP.Utilities.AutoDoc", "ATAP.Utilities.AutoDoc\ATAP.Utilities.AutoDoc.csproj", "{DF414E11-E82C-4710-9DDD-9FE741E9C7FC}"
EndProject
Project("{9A19103F-16F7-4668-BE54-9A1E7A4F7556}") = "ATAP.Utilities.RealEstate.Enumerations", "ATAP.Utilities.RealEstate.Enumerations\ATAP.Utilities.RealEstate.Enumerations.csproj", "{A9F0F4DF-94D3-49F4-8A47-7768D9D49950}"
EndProject
Project("{9A19103F-16F7-4668-BE54-9A1E7A4F7556}") = "ATAP.Utilities.RealEstate.Enumerations.UnitTests", "ATAP.Utilities.RealEstate.Enumerations.UnitTests\ATAP.Utilities.RealEstate.Enumerations.UnitTests.csproj", "{188F4E57-4E95-429E-A844-A3655200A393}"
EndProject
Project("{2150E333-8FDC-42A3-9474-1A3956D46DE8}") = "SolutionDocumentation", "SolutionDocumentation", "{9CCE4A2F-811E-4F6E-9639-74C974CC7DED}"
	ProjectSection(SolutionItems) = preProject
		SolutionDocumentation\ATTRIBUTION.md = SolutionDocumentation\ATTRIBUTION.md
		SolutionDocumentation\Building.md = SolutionDocumentation\Building.md
		SolutionDocumentation\GettingStarted.md = SolutionDocumentation\GettingStarted.md
		SolutionDocumentation\index.md = SolutionDocumentation\index.md
		SolutionDocumentation\ReadMe.md = SolutionDocumentation\ReadMe.md
		SolutionDocumentation\toc.yml = SolutionDocumentation\toc.yml
		SolutionDocumentation\VisualStudioExtensions.md = SolutionDocumentation\VisualStudioExtensions.md
	EndProjectSection
EndProject
Project("{2150E333-8FDC-42A3-9474-1A3956D46DE8}") = ".build", ".build", "{0383FC22-0B8D-4D17-B466-E4DBDE7B5F81}"
	ProjectSection(SolutionItems) = preProject
		.build\ATAP.Utilities.BuildTooling.0.1.0.1\build\Get-CoreInfo.ps1 = .build\ATAP.Utilities.BuildTooling.0.1.0.1\build\Get-CoreInfo.ps1
	EndProjectSection
EndProject
EndProject
Project("{9A19103F-16F7-4668-BE54-9A1E7A4F7556}") = "ATAP.Utilities.ConcurrentObservableCollections", "ATAP.Utilities.ConcurrentObservableCollections\ATAP.Utilities.ConcurrentObservableCollections.csproj", "{43810099-C65B-413E-B11A-07679830D867}"
EndProject
Project("{9A19103F-16F7-4668-BE54-9A1E7A4F7556}") = "ATAP.Utilities.ConcurrentObservableCollections.UnitTests", "ATAP.Utilities.ConcurrentObservableCollections.UnitTests\ATAP.Utilities.ConcurrentObservableCollections.UnitTests.csproj", "{7F0F5CA7-50E1-4E9F-8F55-EBE82652E520}"
EndProject
Project("{9A19103F-16F7-4668-BE54-9A1E7A4F7556}") = "ATAP.Utilities.ComputerInventory.Interfaces.SoftwareInfo", "ATAP.Utilities.ComputerInventory.Interfaces.SoftwareInfo\ATAP.Utilities.ComputerInventory.Interfaces.SoftwareInfo.csproj", "{D56034DA-9345-4694-B91F-1F6E1593DDB8}"
EndProject
Project("{9A19103F-16F7-4668-BE54-9A1E7A4F7556}") = "ATAP.Utilities.ComputerInventory.Interfaces.ProcessInfo", "ATAP.Utilities.ComputerInventory.Interfaces.ProcessInfo\ATAP.Utilities.ComputerInventory.Interfaces.ProcessInfo.csproj", "{A70E66F6-5ADF-4663-B8DE-E1BF83F3DEB8}"
EndProject
Project("{9A19103F-16F7-4668-BE54-9A1E7A4F7556}") = "ATAP.Utilities.ComputerInventory.Interfaces.SoftwareInfo.FileSystem", "ATAP.Utilities.ComputerInventory.Interfaces.SoftwareInfo.FileSystem\ATAP.Utilities.ComputerInventory.Interfaces.SoftwareInfo.FileSystem.csproj", "{3EA5F159-ED01-4734-8BA7-3D7E34080097}"
EndProject
Project("{9A19103F-16F7-4668-BE54-9A1E7A4F7556}") = "ATAP.Utilities.ComputerInventory.Interfaces.SoftwareInfo.Database", "ATAP.Utilities.ComputerInventory.Interfaces.SoftwareInfo.Database\ATAP.Utilities.ComputerInventory.Interfaces.SoftwareInfo.Database.csproj", "{28BF76AC-37FD-41F3-B6F4-3F18704CA658}"
EndProject
Project("{9A19103F-16F7-4668-BE54-9A1E7A4F7556}") = "ATAP.Utilities.ComputerInventory.Interfaces.SoftwareInfo.HostBuilder", "ATAP.Utilities.ComputerInventory.Interfaces.SoftwareInfo.HostBuilder\ATAP.Utilities.ComputerInventory.Interfaces.SoftwareInfo.HostBuilder.csproj", "{E96C28EB-F4DD-4755-ACAE-E6197C2FB137}"
EndProject
Project("{9A19103F-16F7-4668-BE54-9A1E7A4F7556}") = "ATAP.Utilities.ComputerInventory.Interfaces.HardwareInfo", "ATAP.Utilities.ComputerInventory.Interfaces.HardwareInfo\ATAP.Utilities.ComputerInventory.Interfaces.HardwareInfo.csproj", "{7EAD405C-7EA3-4FEC-9279-1F17E23DA3AD}"
EndProject
Project("{9A19103F-16F7-4668-BE54-9A1E7A4F7556}") = "ATAP.Utilities.ComputerInventory.Enumerations.SoftwareInfo.HostBuilder", "ATAP.Utilities.ComputerInventory.Enumerations.SoftwareInfo.HostBuilder\ATAP.Utilities.ComputerInventory.Enumerations.SoftwareInfo.HostBuilder.csproj", "{E22EC0F8-954B-486B-95EE-ECEE10549908}"
EndProject
Project("{9A19103F-16F7-4668-BE54-9A1E7A4F7556}") = "ATAP.Utilities.ComputerInventory.Enumerations.SoftwareInfo.FileSystem", "ATAP.Utilities.ComputerInventory.Enumerations.SoftwareInfo.FileSystem\ATAP.Utilities.ComputerInventory.Enumerations.SoftwareInfo.FileSystem.csproj", "{2B72A676-863C-4C31-B135-E73467276C6D}"
EndProject
Project("{9A19103F-16F7-4668-BE54-9A1E7A4F7556}") = "ATAP.Utilities.ComputerInventory.Enumerations.SoftwareInfo.Database", "ATAP.Utilities.ComputerInventory.Enumerations.SoftwareInfo.Database\ATAP.Utilities.ComputerInventory.Enumerations.SoftwareInfo.Database.csproj", "{7F79FF69-FA90-4D71-83FA-526E57919CF1}"
EndProject
Project("{9A19103F-16F7-4668-BE54-9A1E7A4F7556}") = "ATAP.Utilities.ComputerInventory.Enumerations.ProcessInfo.RuntimePlatformLifetime", "ATAP.Utilities.ComputerInventory.Enumerations.ProcessInfo.RuntimePlatformLifetime\ATAP.Utilities.ComputerInventory.Enumerations.ProcessInfo.RuntimePlatformLifetime.csproj", "{C62B8BDF-6F5D-4ECC-94D0-C227BB7E4697}"
EndProject
Project("{9A19103F-16F7-4668-BE54-9A1E7A4F7556}") = "ATAP.Utilities.ComputerInventory.Enumerations.HardwareInfo", "ATAP.Utilities.ComputerInventory.Enumerations.HardwareInfo\ATAP.Utilities.ComputerInventory.Enumerations.HardwareInfo.csproj", "{22FE1C86-4A0D-47AB-9C4A-85027EFAD18B}"
EndProject
Project("{9A19103F-16F7-4668-BE54-9A1E7A4F7556}") = "ATAP.Utilities.ComputerInventory.Interfaces.HardwareInfo.DiskDrive", "ATAP.Utilities.ComputerInventory.Interfaces.HardwareInfo.DiskDrive\ATAP.Utilities.ComputerInventory.Interfaces.HardwareInfo.DiskDrive.csproj", "{E95D0C02-149A-4FB5-8BA3-E635474F89A5}"
EndProject
Global
	GlobalSection(SolutionConfigurationPlatforms) = preSolution
		Debug|Any CPU = Debug|Any CPU
		Release|Any CPU = Release|Any CPU
	EndGlobalSection
	GlobalSection(ProjectConfigurationPlatforms) = postSolution
		{9DEDDD4C-B2FB-4BB3-8C2C-26BC2FED4D83}.Debug|Any CPU.ActiveCfg = Debug|Any CPU
		{9DEDDD4C-B2FB-4BB3-8C2C-26BC2FED4D83}.Debug|Any CPU.Build.0 = Debug|Any CPU
		{9DEDDD4C-B2FB-4BB3-8C2C-26BC2FED4D83}.Release|Any CPU.ActiveCfg = Release|Any CPU
		{9DEDDD4C-B2FB-4BB3-8C2C-26BC2FED4D83}.Release|Any CPU.Build.0 = Release|Any CPU
		{9D765FA6-44DB-4A1E-8886-D2FEFF8DCA13}.Debug|Any CPU.ActiveCfg = Debug|Any CPU
		{9D765FA6-44DB-4A1E-8886-D2FEFF8DCA13}.Debug|Any CPU.Build.0 = Debug|Any CPU
		{9D765FA6-44DB-4A1E-8886-D2FEFF8DCA13}.Release|Any CPU.ActiveCfg = Release|Any CPU
		{9D765FA6-44DB-4A1E-8886-D2FEFF8DCA13}.Release|Any CPU.Build.0 = Release|Any CPU
		{B8DDB1DA-F124-4DF3-9497-2927F73B678D}.Debug|Any CPU.ActiveCfg = Debug|Any CPU
		{B8DDB1DA-F124-4DF3-9497-2927F73B678D}.Debug|Any CPU.Build.0 = Debug|Any CPU
		{B8DDB1DA-F124-4DF3-9497-2927F73B678D}.Release|Any CPU.ActiveCfg = Release|Any CPU
		{B8DDB1DA-F124-4DF3-9497-2927F73B678D}.Release|Any CPU.Build.0 = Release|Any CPU
		{16742D2A-7546-4534-884D-F386A09DCB3B}.Debug|Any CPU.ActiveCfg = Debug|Any CPU
		{16742D2A-7546-4534-884D-F386A09DCB3B}.Debug|Any CPU.Build.0 = Debug|Any CPU
		{16742D2A-7546-4534-884D-F386A09DCB3B}.Release|Any CPU.ActiveCfg = Release|Any CPU
		{16742D2A-7546-4534-884D-F386A09DCB3B}.Release|Any CPU.Build.0 = Release|Any CPU
		{D0E1AD43-554A-40F9-8F35-324A1A1612B7}.Debug|Any CPU.ActiveCfg = Debug|Any CPU
		{D0E1AD43-554A-40F9-8F35-324A1A1612B7}.Debug|Any CPU.Build.0 = Debug|Any CPU
		{D0E1AD43-554A-40F9-8F35-324A1A1612B7}.Release|Any CPU.ActiveCfg = Release|Any CPU
		{D0E1AD43-554A-40F9-8F35-324A1A1612B7}.Release|Any CPU.Build.0 = Release|Any CPU
		{9BCADBFA-9F96-475A-A134-F17C34AEBF6C}.Debug|Any CPU.ActiveCfg = Debug|Any CPU
		{9BCADBFA-9F96-475A-A134-F17C34AEBF6C}.Debug|Any CPU.Build.0 = Debug|Any CPU
		{9BCADBFA-9F96-475A-A134-F17C34AEBF6C}.Release|Any CPU.ActiveCfg = Release|Any CPU
		{9BCADBFA-9F96-475A-A134-F17C34AEBF6C}.Release|Any CPU.Build.0 = Release|Any CPU
		{37605D6E-FF53-4E67-84EF-C4A02EE322AF}.Debug|Any CPU.ActiveCfg = Debug|Any CPU
		{37605D6E-FF53-4E67-84EF-C4A02EE322AF}.Debug|Any CPU.Build.0 = Debug|Any CPU
		{37605D6E-FF53-4E67-84EF-C4A02EE322AF}.Release|Any CPU.ActiveCfg = Release|Any CPU
		{37605D6E-FF53-4E67-84EF-C4A02EE322AF}.Release|Any CPU.Build.0 = Release|Any CPU
		{0D9B33E0-65C8-4C22-ADE4-787E37EC632E}.Debug|Any CPU.ActiveCfg = Debug|Any CPU
		{0D9B33E0-65C8-4C22-ADE4-787E37EC632E}.Debug|Any CPU.Build.0 = Debug|Any CPU
		{0D9B33E0-65C8-4C22-ADE4-787E37EC632E}.Release|Any CPU.ActiveCfg = Release|Any CPU
		{0D9B33E0-65C8-4C22-ADE4-787E37EC632E}.Release|Any CPU.Build.0 = Release|Any CPU
		{CFAD03DD-277D-417E-95CC-57D98E2C2EBF}.Debug|Any CPU.ActiveCfg = Debug|Any CPU
		{CFAD03DD-277D-417E-95CC-57D98E2C2EBF}.Debug|Any CPU.Build.0 = Debug|Any CPU
		{CFAD03DD-277D-417E-95CC-57D98E2C2EBF}.Release|Any CPU.ActiveCfg = Release|Any CPU
		{CFAD03DD-277D-417E-95CC-57D98E2C2EBF}.Release|Any CPU.Build.0 = Release|Any CPU
		{9293C0CA-6E85-4448-801B-F92600C78787}.Debug|Any CPU.ActiveCfg = Debug|Any CPU
		{9293C0CA-6E85-4448-801B-F92600C78787}.Debug|Any CPU.Build.0 = Debug|Any CPU
		{9293C0CA-6E85-4448-801B-F92600C78787}.Release|Any CPU.ActiveCfg = Release|Any CPU
		{9293C0CA-6E85-4448-801B-F92600C78787}.Release|Any CPU.Build.0 = Release|Any CPU
		{2854F171-F406-4731-8C11-137E9284262B}.Debug|Any CPU.ActiveCfg = Debug|Any CPU
		{2854F171-F406-4731-8C11-137E9284262B}.Debug|Any CPU.Build.0 = Debug|Any CPU
		{2854F171-F406-4731-8C11-137E9284262B}.Release|Any CPU.ActiveCfg = Release|Any CPU
		{2854F171-F406-4731-8C11-137E9284262B}.Release|Any CPU.Build.0 = Release|Any CPU
		{0A301C4A-9886-48E9-AA39-085D07E66482}.Debug|Any CPU.ActiveCfg = Debug|Any CPU
		{0A301C4A-9886-48E9-AA39-085D07E66482}.Debug|Any CPU.Build.0 = Debug|Any CPU
		{0A301C4A-9886-48E9-AA39-085D07E66482}.Release|Any CPU.ActiveCfg = Release|Any CPU
		{0A301C4A-9886-48E9-AA39-085D07E66482}.Release|Any CPU.Build.0 = Release|Any CPU
		{163CFFE9-AB84-46AD-A83A-175F33AF3DB6}.Debug|Any CPU.ActiveCfg = Debug|Any CPU
		{163CFFE9-AB84-46AD-A83A-175F33AF3DB6}.Debug|Any CPU.Build.0 = Debug|Any CPU
		{163CFFE9-AB84-46AD-A83A-175F33AF3DB6}.Release|Any CPU.ActiveCfg = Release|Any CPU
		{163CFFE9-AB84-46AD-A83A-175F33AF3DB6}.Release|Any CPU.Build.0 = Release|Any CPU
		{10DC5525-66C4-4FC6-8B41-B0C96E94632B}.Debug|Any CPU.ActiveCfg = Debug|Any CPU
		{10DC5525-66C4-4FC6-8B41-B0C96E94632B}.Debug|Any CPU.Build.0 = Debug|Any CPU
		{10DC5525-66C4-4FC6-8B41-B0C96E94632B}.Release|Any CPU.ActiveCfg = Release|Any CPU
		{10DC5525-66C4-4FC6-8B41-B0C96E94632B}.Release|Any CPU.Build.0 = Release|Any CPU
		{FC73DB9F-64DD-4D44-B68C-F3767AA6A337}.Debug|Any CPU.ActiveCfg = Debug|Any CPU
		{FC73DB9F-64DD-4D44-B68C-F3767AA6A337}.Debug|Any CPU.Build.0 = Debug|Any CPU
		{FC73DB9F-64DD-4D44-B68C-F3767AA6A337}.Release|Any CPU.ActiveCfg = Release|Any CPU
		{FC73DB9F-64DD-4D44-B68C-F3767AA6A337}.Release|Any CPU.Build.0 = Release|Any CPU
		{87896186-203D-4A81-A1D9-01552470BB0F}.Debug|Any CPU.ActiveCfg = Debug|Any CPU
		{87896186-203D-4A81-A1D9-01552470BB0F}.Debug|Any CPU.Build.0 = Debug|Any CPU
		{87896186-203D-4A81-A1D9-01552470BB0F}.Release|Any CPU.ActiveCfg = Release|Any CPU
		{87896186-203D-4A81-A1D9-01552470BB0F}.Release|Any CPU.Build.0 = Release|Any CPU
		{1E2256BE-F4B2-4519-AE66-A314CF7799A8}.Debug|Any CPU.ActiveCfg = Debug|Any CPU
		{1E2256BE-F4B2-4519-AE66-A314CF7799A8}.Debug|Any CPU.Build.0 = Debug|Any CPU
		{1E2256BE-F4B2-4519-AE66-A314CF7799A8}.Release|Any CPU.ActiveCfg = Release|Any CPU
		{1E2256BE-F4B2-4519-AE66-A314CF7799A8}.Release|Any CPU.Build.0 = Release|Any CPU
		{B0403790-9BEE-4EC7-979A-5895E151B9BC}.Debug|Any CPU.ActiveCfg = Debug|Any CPU
		{B0403790-9BEE-4EC7-979A-5895E151B9BC}.Release|Any CPU.ActiveCfg = Release|Any CPU
		{AA7F491D-1D0B-4B76-AB6E-E34331F8BB4A}.Debug|Any CPU.ActiveCfg = Debug|Any CPU
		{AA7F491D-1D0B-4B76-AB6E-E34331F8BB4A}.Debug|Any CPU.Build.0 = Debug|Any CPU
		{AA7F491D-1D0B-4B76-AB6E-E34331F8BB4A}.Release|Any CPU.ActiveCfg = Release|Any CPU
		{AA7F491D-1D0B-4B76-AB6E-E34331F8BB4A}.Release|Any CPU.Build.0 = Release|Any CPU
		{916E4C82-9680-4876-B302-A17B82EBF3A5}.Debug|Any CPU.ActiveCfg = Debug|Any CPU
		{916E4C82-9680-4876-B302-A17B82EBF3A5}.Debug|Any CPU.Build.0 = Debug|Any CPU
		{916E4C82-9680-4876-B302-A17B82EBF3A5}.Release|Any CPU.ActiveCfg = Release|Any CPU
		{916E4C82-9680-4876-B302-A17B82EBF3A5}.Release|Any CPU.Build.0 = Release|Any CPU
		{BA77F91E-3BE9-4F1C-956A-56EE711E002D}.Debug|Any CPU.ActiveCfg = Debug|Any CPU
		{BA77F91E-3BE9-4F1C-956A-56EE711E002D}.Debug|Any CPU.Build.0 = Debug|Any CPU
		{BA77F91E-3BE9-4F1C-956A-56EE711E002D}.Release|Any CPU.ActiveCfg = Release|Any CPU
		{BA77F91E-3BE9-4F1C-956A-56EE711E002D}.Release|Any CPU.Build.0 = Release|Any CPU
		{84AAB1CA-DCF2-40A3-B82B-1A8721A831E4}.Debug|Any CPU.ActiveCfg = Debug|Any CPU
		{84AAB1CA-DCF2-40A3-B82B-1A8721A831E4}.Debug|Any CPU.Build.0 = Debug|Any CPU
		{84AAB1CA-DCF2-40A3-B82B-1A8721A831E4}.Release|Any CPU.ActiveCfg = Release|Any CPU
		{84AAB1CA-DCF2-40A3-B82B-1A8721A831E4}.Release|Any CPU.Build.0 = Release|Any CPU
		{5BBC9254-FAB7-4EED-980F-F256387D7D80}.Debug|Any CPU.ActiveCfg = Debug|Any CPU
		{5BBC9254-FAB7-4EED-980F-F256387D7D80}.Debug|Any CPU.Build.0 = Debug|Any CPU
		{5BBC9254-FAB7-4EED-980F-F256387D7D80}.Release|Any CPU.ActiveCfg = Release|Any CPU
		{5BBC9254-FAB7-4EED-980F-F256387D7D80}.Release|Any CPU.Build.0 = Release|Any CPU
		{5D10533D-42BE-4C88-A64C-A371D1350000}.Debug|Any CPU.ActiveCfg = Debug|Any CPU
		{5D10533D-42BE-4C88-A64C-A371D1350000}.Debug|Any CPU.Build.0 = Debug|Any CPU
		{5D10533D-42BE-4C88-A64C-A371D1350000}.Release|Any CPU.ActiveCfg = Release|Any CPU
		{5D10533D-42BE-4C88-A64C-A371D1350000}.Release|Any CPU.Build.0 = Release|Any CPU
		{8A45D584-0489-4531-90DF-40FFE9F1EC53}.Debug|Any CPU.ActiveCfg = Debug|Any CPU
		{8A45D584-0489-4531-90DF-40FFE9F1EC53}.Debug|Any CPU.Build.0 = Debug|Any CPU
		{8A45D584-0489-4531-90DF-40FFE9F1EC53}.Release|Any CPU.ActiveCfg = Release|Any CPU
		{8A45D584-0489-4531-90DF-40FFE9F1EC53}.Release|Any CPU.Build.0 = Release|Any CPU
		{8182B668-322F-4EAE-871B-6B94C042F01C}.Debug|Any CPU.ActiveCfg = Debug|Any CPU
		{8182B668-322F-4EAE-871B-6B94C042F01C}.Debug|Any CPU.Build.0 = Debug|Any CPU
		{8182B668-322F-4EAE-871B-6B94C042F01C}.Release|Any CPU.ActiveCfg = Release|Any CPU
		{8182B668-322F-4EAE-871B-6B94C042F01C}.Release|Any CPU.Build.0 = Release|Any CPU
		{93F4B3EA-4301-43E7-9462-FEB8DB3B5F1A}.Debug|Any CPU.ActiveCfg = Debug|Any CPU
		{93F4B3EA-4301-43E7-9462-FEB8DB3B5F1A}.Debug|Any CPU.Build.0 = Debug|Any CPU
		{93F4B3EA-4301-43E7-9462-FEB8DB3B5F1A}.Release|Any CPU.ActiveCfg = Release|Any CPU
		{93F4B3EA-4301-43E7-9462-FEB8DB3B5F1A}.Release|Any CPU.Build.0 = Release|Any CPU
		{1A13A5C1-54D0-43E3-B171-4B5C27940637}.Debug|Any CPU.ActiveCfg = Debug|Any CPU
		{1A13A5C1-54D0-43E3-B171-4B5C27940637}.Debug|Any CPU.Build.0 = Debug|Any CPU
		{1A13A5C1-54D0-43E3-B171-4B5C27940637}.Release|Any CPU.ActiveCfg = Release|Any CPU
		{1A13A5C1-54D0-43E3-B171-4B5C27940637}.Release|Any CPU.Build.0 = Release|Any CPU
		{A27F8B9A-CAF3-45D4-94D0-190B29EF58D5}.Debug|Any CPU.ActiveCfg = Debug|Any CPU
		{A27F8B9A-CAF3-45D4-94D0-190B29EF58D5}.Debug|Any CPU.Build.0 = Debug|Any CPU
		{A27F8B9A-CAF3-45D4-94D0-190B29EF58D5}.Release|Any CPU.ActiveCfg = Release|Any CPU
		{A27F8B9A-CAF3-45D4-94D0-190B29EF58D5}.Release|Any CPU.Build.0 = Release|Any CPU
		{BC39C377-C9A5-43BF-A07C-E8D3462BDDAC}.Debug|Any CPU.ActiveCfg = Debug|Any CPU
		{BC39C377-C9A5-43BF-A07C-E8D3462BDDAC}.Debug|Any CPU.Build.0 = Debug|Any CPU
		{BC39C377-C9A5-43BF-A07C-E8D3462BDDAC}.Release|Any CPU.ActiveCfg = Release|Any CPU
		{BC39C377-C9A5-43BF-A07C-E8D3462BDDAC}.Release|Any CPU.Build.0 = Release|Any CPU
		{D4CEE619-BAC8-4797-9277-5055EEBE4DB9}.Debug|Any CPU.ActiveCfg = Debug|Any CPU
		{D4CEE619-BAC8-4797-9277-5055EEBE4DB9}.Debug|Any CPU.Build.0 = Debug|Any CPU
		{D4CEE619-BAC8-4797-9277-5055EEBE4DB9}.Release|Any CPU.ActiveCfg = Release|Any CPU
		{D4CEE619-BAC8-4797-9277-5055EEBE4DB9}.Release|Any CPU.Build.0 = Release|Any CPU
		{0AC51559-80D3-4C2C-BDA6-495CB26F02FC}.Debug|Any CPU.ActiveCfg = Debug|Any CPU
		{0AC51559-80D3-4C2C-BDA6-495CB26F02FC}.Debug|Any CPU.Build.0 = Debug|Any CPU
		{0AC51559-80D3-4C2C-BDA6-495CB26F02FC}.Release|Any CPU.ActiveCfg = Release|Any CPU
		{0AC51559-80D3-4C2C-BDA6-495CB26F02FC}.Release|Any CPU.Build.0 = Release|Any CPU
		{DBD8663F-C30C-4702-B97A-5365529B4D15}.Debug|Any CPU.ActiveCfg = Debug|Any CPU
		{DBD8663F-C30C-4702-B97A-5365529B4D15}.Release|Any CPU.ActiveCfg = Release|Any CPU
		{DF414E11-E82C-4710-9DDD-9FE741E9C7FC}.Debug|Any CPU.ActiveCfg = Debug|Any CPU
		{DF414E11-E82C-4710-9DDD-9FE741E9C7FC}.Release|Any CPU.ActiveCfg = Debug|Any CPU
		{A9F0F4DF-94D3-49F4-8A47-7768D9D49950}.Debug|Any CPU.ActiveCfg = Debug|Any CPU
		{A9F0F4DF-94D3-49F4-8A47-7768D9D49950}.Debug|Any CPU.Build.0 = Debug|Any CPU
		{A9F0F4DF-94D3-49F4-8A47-7768D9D49950}.Release|Any CPU.ActiveCfg = Release|Any CPU
		{A9F0F4DF-94D3-49F4-8A47-7768D9D49950}.Release|Any CPU.Build.0 = Release|Any CPU
		{188F4E57-4E95-429E-A844-A3655200A393}.Debug|Any CPU.ActiveCfg = Debug|Any CPU
		{188F4E57-4E95-429E-A844-A3655200A393}.Debug|Any CPU.Build.0 = Debug|Any CPU
		{188F4E57-4E95-429E-A844-A3655200A393}.Release|Any CPU.ActiveCfg = Release|Any CPU
		{188F4E57-4E95-429E-A844-A3655200A393}.Release|Any CPU.Build.0 = Release|Any CPU
		{43810099-C65B-413E-B11A-07679830D867}.Debug|Any CPU.ActiveCfg = Debug|Any CPU
		{43810099-C65B-413E-B11A-07679830D867}.Debug|Any CPU.Build.0 = Debug|Any CPU
		{43810099-C65B-413E-B11A-07679830D867}.Release|Any CPU.ActiveCfg = Release|Any CPU
		{43810099-C65B-413E-B11A-07679830D867}.Release|Any CPU.Build.0 = Release|Any CPU
		{7F0F5CA7-50E1-4E9F-8F55-EBE82652E520}.Debug|Any CPU.ActiveCfg = Debug|Any CPU
		{7F0F5CA7-50E1-4E9F-8F55-EBE82652E520}.Debug|Any CPU.Build.0 = Debug|Any CPU
		{7F0F5CA7-50E1-4E9F-8F55-EBE82652E520}.Release|Any CPU.ActiveCfg = Release|Any CPU
		{7F0F5CA7-50E1-4E9F-8F55-EBE82652E520}.Release|Any CPU.Build.0 = Release|Any CPU
		{D56034DA-9345-4694-B91F-1F6E1593DDB8}.Debug|Any CPU.ActiveCfg = Debug|Any CPU
		{D56034DA-9345-4694-B91F-1F6E1593DDB8}.Debug|Any CPU.Build.0 = Debug|Any CPU
		{D56034DA-9345-4694-B91F-1F6E1593DDB8}.Release|Any CPU.ActiveCfg = Release|Any CPU
		{D56034DA-9345-4694-B91F-1F6E1593DDB8}.Release|Any CPU.Build.0 = Release|Any CPU
		{A70E66F6-5ADF-4663-B8DE-E1BF83F3DEB8}.Debug|Any CPU.ActiveCfg = Debug|Any CPU
		{A70E66F6-5ADF-4663-B8DE-E1BF83F3DEB8}.Debug|Any CPU.Build.0 = Debug|Any CPU
		{A70E66F6-5ADF-4663-B8DE-E1BF83F3DEB8}.Release|Any CPU.ActiveCfg = Release|Any CPU
		{A70E66F6-5ADF-4663-B8DE-E1BF83F3DEB8}.Release|Any CPU.Build.0 = Release|Any CPU
		{3EA5F159-ED01-4734-8BA7-3D7E34080097}.Debug|Any CPU.ActiveCfg = Debug|Any CPU
		{3EA5F159-ED01-4734-8BA7-3D7E34080097}.Debug|Any CPU.Build.0 = Debug|Any CPU
		{3EA5F159-ED01-4734-8BA7-3D7E34080097}.Release|Any CPU.ActiveCfg = Release|Any CPU
		{3EA5F159-ED01-4734-8BA7-3D7E34080097}.Release|Any CPU.Build.0 = Release|Any CPU
		{28BF76AC-37FD-41F3-B6F4-3F18704CA658}.Debug|Any CPU.ActiveCfg = Debug|Any CPU
		{28BF76AC-37FD-41F3-B6F4-3F18704CA658}.Debug|Any CPU.Build.0 = Debug|Any CPU
		{28BF76AC-37FD-41F3-B6F4-3F18704CA658}.Release|Any CPU.ActiveCfg = Release|Any CPU
		{28BF76AC-37FD-41F3-B6F4-3F18704CA658}.Release|Any CPU.Build.0 = Release|Any CPU
		{E96C28EB-F4DD-4755-ACAE-E6197C2FB137}.Debug|Any CPU.ActiveCfg = Debug|Any CPU
		{E96C28EB-F4DD-4755-ACAE-E6197C2FB137}.Debug|Any CPU.Build.0 = Debug|Any CPU
		{E96C28EB-F4DD-4755-ACAE-E6197C2FB137}.Release|Any CPU.ActiveCfg = Release|Any CPU
		{E96C28EB-F4DD-4755-ACAE-E6197C2FB137}.Release|Any CPU.Build.0 = Release|Any CPU
		{7EAD405C-7EA3-4FEC-9279-1F17E23DA3AD}.Debug|Any CPU.ActiveCfg = Debug|Any CPU
		{7EAD405C-7EA3-4FEC-9279-1F17E23DA3AD}.Debug|Any CPU.Build.0 = Debug|Any CPU
		{7EAD405C-7EA3-4FEC-9279-1F17E23DA3AD}.Release|Any CPU.ActiveCfg = Release|Any CPU
		{7EAD405C-7EA3-4FEC-9279-1F17E23DA3AD}.Release|Any CPU.Build.0 = Release|Any CPU
		{E22EC0F8-954B-486B-95EE-ECEE10549908}.Debug|Any CPU.ActiveCfg = Debug|Any CPU
		{E22EC0F8-954B-486B-95EE-ECEE10549908}.Debug|Any CPU.Build.0 = Debug|Any CPU
		{E22EC0F8-954B-486B-95EE-ECEE10549908}.Release|Any CPU.ActiveCfg = Release|Any CPU
		{E22EC0F8-954B-486B-95EE-ECEE10549908}.Release|Any CPU.Build.0 = Release|Any CPU
		{2B72A676-863C-4C31-B135-E73467276C6D}.Debug|Any CPU.ActiveCfg = Debug|Any CPU
		{2B72A676-863C-4C31-B135-E73467276C6D}.Debug|Any CPU.Build.0 = Debug|Any CPU
		{2B72A676-863C-4C31-B135-E73467276C6D}.Release|Any CPU.ActiveCfg = Release|Any CPU
		{2B72A676-863C-4C31-B135-E73467276C6D}.Release|Any CPU.Build.0 = Release|Any CPU
		{7F79FF69-FA90-4D71-83FA-526E57919CF1}.Debug|Any CPU.ActiveCfg = Debug|Any CPU
		{7F79FF69-FA90-4D71-83FA-526E57919CF1}.Debug|Any CPU.Build.0 = Debug|Any CPU
		{7F79FF69-FA90-4D71-83FA-526E57919CF1}.Release|Any CPU.ActiveCfg = Release|Any CPU
		{7F79FF69-FA90-4D71-83FA-526E57919CF1}.Release|Any CPU.Build.0 = Release|Any CPU
		{C62B8BDF-6F5D-4ECC-94D0-C227BB7E4697}.Debug|Any CPU.ActiveCfg = Debug|Any CPU
		{C62B8BDF-6F5D-4ECC-94D0-C227BB7E4697}.Debug|Any CPU.Build.0 = Debug|Any CPU
		{C62B8BDF-6F5D-4ECC-94D0-C227BB7E4697}.Release|Any CPU.ActiveCfg = Release|Any CPU
		{C62B8BDF-6F5D-4ECC-94D0-C227BB7E4697}.Release|Any CPU.Build.0 = Release|Any CPU
		{22FE1C86-4A0D-47AB-9C4A-85027EFAD18B}.Debug|Any CPU.ActiveCfg = Debug|Any CPU
		{22FE1C86-4A0D-47AB-9C4A-85027EFAD18B}.Debug|Any CPU.Build.0 = Debug|Any CPU
		{22FE1C86-4A0D-47AB-9C4A-85027EFAD18B}.Release|Any CPU.ActiveCfg = Release|Any CPU
		{22FE1C86-4A0D-47AB-9C4A-85027EFAD18B}.Release|Any CPU.Build.0 = Release|Any CPU
		{E95D0C02-149A-4FB5-8BA3-E635474F89A5}.Debug|Any CPU.ActiveCfg = Debug|Any CPU
		{E95D0C02-149A-4FB5-8BA3-E635474F89A5}.Debug|Any CPU.Build.0 = Debug|Any CPU
		{E95D0C02-149A-4FB5-8BA3-E635474F89A5}.Release|Any CPU.ActiveCfg = Release|Any CPU
		{E95D0C02-149A-4FB5-8BA3-E635474F89A5}.Release|Any CPU.Build.0 = Release|Any CPU
	EndGlobalSection
	GlobalSection(SolutionProperties) = preSolution
		HideSolutionNode = FALSE
	EndGlobalSection
	GlobalSection(ExtensibilityGlobals) = postSolution
		SolutionGuid = {40986DA9-E8C6-49CE-B434-BE8625798C2C}
	EndGlobalSection
EndGlobal
