
Microsoft Visual Studio Solution File, Format Version 12.00
# Visual Studio Version 16
VisualStudioVersion = 16.0.28729.10
MinimumVisualStudioVersion = 10.0.40219.1
Project("{2150E333-8FDC-42A3-9474-1A3956D46DE8}") = "Solution Items", "Solution Items", "{4CA2C501-1E47-4C8A-A91B-8E6A869628ED}"
	ProjectSection(SolutionItems) = preProject
		.editorconfig = .editorconfig
		Directory.Build.props = Directory.Build.props
		Directory.Build.targets = Directory.Build.targets
		Index.md = Index.md
		LICENSE = LICENSE
		README.md = README.md
		toc.yml = toc.yml
		VersionControl.proj = VersionControl.proj
	EndProjectSection
EndProject
Project("{9A19103F-16F7-4668-BE54-9A1E7A4F7556}") = "ATAP.Utilities._1ConsoleTestRunner", "ATAP.Utilities.1ConsoleTestRunner\ATAP.Utilities._1ConsoleTestRunner.csproj", "{9293C0CA-6E85-4448-801B-F92600C78787}"
EndProject
Project("{9A19103F-16F7-4668-BE54-9A1E7A4F7556}") = "ATAP.Utilities.AutoDoc", "ATAP.Utilities.AutoDoc\ATAP.Utilities.AutoDoc.csproj", "{DF414E11-E82C-4710-9DDD-9FE741E9C7FC}"
EndProject
Project("{9A19103F-16F7-4668-BE54-9A1E7A4F7556}") = "ATAP.Utilities.BuildTooling.CSharp", "ATAP.Utilities.BuildTooling.CSharp\ATAP.Utilities.BuildTooling.CSharp.csproj", "{0AC51559-80D3-4C2C-BDA6-495CB26F02FC}"
EndProject
Project("{F5034706-568F-408A-B7B3-4D38C6DB8A32}") = "ATAP.Utilities.BuildTooling.PowerShell", "ATAP.Utilities.BuildTooling.PowerShell\ATAP.Utilities.BuildTooling.PowerShell.pssproj", "{DBD8663F-C30C-4702-B97A-5365529B4D15}"
EndProject
Project("{9A19103F-16F7-4668-BE54-9A1E7A4F7556}") = "ATAP.Utilities.ComputerInventory.Configuration", "ATAP.Utilities.ComputerInventory.Configuration\ATAP.Utilities.ComputerInventory.Configuration.csproj", "{D4CEE619-BAC8-4797-9277-5055EEBE4DB9}"
EndProject
Project("{9A19103F-16F7-4668-BE54-9A1E7A4F7556}") = "ATAP.Utilities.ComputerInventory.Enumerations", "ATAP.Utilities.ComputerInventory.Enumerations\ATAP.Utilities.ComputerInventory.Enumerations.csproj", "{AA7F491D-1D0B-4B76-AB6E-E34331F8BB4A}"
EndProject
Project("{9A19103F-16F7-4668-BE54-9A1E7A4F7556}") = "ATAP.Utilities.ComputerInventory.Extensions", "ATAP.Utilities.ComputerInventory.Extensions\ATAP.Utilities.ComputerInventory.Extensions.csproj", "{BA77F91E-3BE9-4F1C-956A-56EE711E002D}"
EndProject
Project("{9A19103F-16F7-4668-BE54-9A1E7A4F7556}") = "ATAP.Utilities.ComputerInventory.Interfaces", "ATAP.Utilities.ComputerInventory.Interfaces\ATAP.Utilities.ComputerInventory.Interfaces.csproj", "{9F1C3881-C34C-4913-B5D6-369F081E9EAC}"
EndProject
Project("{9A19103F-16F7-4668-BE54-9A1E7A4F7556}") = "ATAP.Utilities.ComputerInventory.Models", "ATAP.Utilities.ComputerInventory.Models\ATAP.Utilities.ComputerInventory.Models.csproj", "{916E4C82-9680-4876-B302-A17B82EBF3A5}"
EndProject
Project("{9A19103F-16F7-4668-BE54-9A1E7A4F7556}") = "ATAP.Utilities.ComputerInventory.Hardware.Enumerations", "ATAP.Utilities.ComputerInventory.Hardware.Enumerations\ATAP.Utilities.ComputerInventory.Hardware.Enumerations.csproj", "{22FE1C86-4A0D-47AB-9C4A-85027EFAD18B}"
EndProject
Project("{9A19103F-16F7-4668-BE54-9A1E7A4F7556}") = "ATAP.Utilities.ComputerInventory.Hardware.Interfaces", "ATAP.Utilities.ComputerInventory.Hardware.Interfaces\ATAP.Utilities.ComputerInventory.Hardware.Interfaces.csproj", "{7EAD405C-7EA3-4FEC-9279-1F17E23DA3AD}"
EndProject
Project("{9A19103F-16F7-4668-BE54-9A1E7A4F7556}") = "ATAP.Utilities.ComputerInventory.Hardware.Models", "ATAP.Utilities.ComputerInventory.Hardware.Models\ATAP.Utilities.ComputerInventory.Hardware.Models.csproj", "{1E079F75-BB9E-462A-9AA7-8C515EFAB400}"
EndProject
Project("{9A19103F-16F7-4668-BE54-9A1E7A4F7556}") = "ATAP.Utilities.ComputerInventory.ProcessInfo.Enumerations", "ATAP.Utilities.ComputerInventory.ProcessInfo.Enumerations\ATAP.Utilities.ComputerInventory.ProcessInfo.Enumerations.csproj", "{C62B8BDF-6F5D-4ECC-94D0-C227BB7E4697}"
EndProject
Project("{9A19103F-16F7-4668-BE54-9A1E7A4F7556}") = "ATAP.Utilities.ComputerInventory.ProcessInfo.Interfaces", "ATAP.Utilities.ComputerInventory.ProcessInfo.Interfaces\ATAP.Utilities.ComputerInventory.ProcessInfo.Interfaces.csproj", "{A70E66F6-5ADF-4663-B8DE-E1BF83F3DEB8}"
EndProject
Project("{9A19103F-16F7-4668-BE54-9A1E7A4F7556}") = "ATAP.Utilities.ComputerInventory.ProcessInfo.Models", "ATAP.Utilities.ComputerInventory.ProcessInfo.Models\ATAP.Utilities.ComputerInventory.ProcessInfo.Models.csproj", "{6242B125-AA96-4A10-8588-A6CAED713938}"
EndProject
Project("{9A19103F-16F7-4668-BE54-9A1E7A4F7556}") = "ATAP.Utilities.ComputerInventory.Software.Enumerations", "ATAP.Utilities.ComputerInventory.Software.Enumerations\ATAP.Utilities.ComputerInventory.Software.Enumerations.csproj", "{9DCAC849-3820-41B5-967D-A321C71AF9FA}"
EndProject
Project("{9A19103F-16F7-4668-BE54-9A1E7A4F7556}") = "ATAP.Utilities.ComputerInventory.Software.Interfaces", "ATAP.Utilities.ComputerInventory.Software.Interfaces\ATAP.Utilities.ComputerInventory.Software.Interfaces.csproj", "{D56034DA-9345-4694-B91F-1F6E1593DDB8}"
EndProject
Project("{9A19103F-16F7-4668-BE54-9A1E7A4F7556}") = "ATAP.Utilities.ComputerInventory.Software.Models", "ATAP.Utilities.ComputerInventory.Software.Models\ATAP.Utilities.ComputerInventory.Software.Models.csproj", "{CEDEBBBA-43FC-4885-8E15-15230777E89C}"
EndProject
Project("{9A19103F-16F7-4668-BE54-9A1E7A4F7556}") = "ATAP.Utilities.ComputerInventory.Hardware.UnitTests", "ATAP.Utilities.ComputerInventory.Hardware.UnitTests\ATAP.Utilities.ComputerInventory.Hardware.UnitTests.csproj", "{84AAB1CA-DCF2-40A3-B82B-1A8721A831E4}"
EndProject
Project("{9A19103F-16F7-4668-BE54-9A1E7A4F7556}") = "ATAP.Utilities.ConcurrentObservableCollections", "ATAP.Utilities.ConcurrentObservableCollections\ATAP.Utilities.ConcurrentObservableCollections.csproj", "{43810099-C65B-413E-B11A-07679830D867}"
EndProject
Project("{9A19103F-16F7-4668-BE54-9A1E7A4F7556}") = "ATAP.Utilities.ConcurrentObservableCollections.UnitTests", "ATAP.Utilities.ConcurrentObservableCollections.UnitTests\ATAP.Utilities.ConcurrentObservableCollections.UnitTests.csproj", "{7F0F5CA7-50E1-4E9F-8F55-EBE82652E520}"
EndProject
Project("{9A19103F-16F7-4668-BE54-9A1E7A4F7556}") = "ATAP.Utilities.CryptoCoin.Interfaces", "ATAP.Utilities.CryptoCoin.Interfaces\ATAP.Utilities.CryptoCoin.Interfaces.csproj", "{0B53AFE8-D9E3-4EF6-9DA1-484B9B5A30FC}"
EndProject
Project("{9A19103F-16F7-4668-BE54-9A1E7A4F7556}") = "ATAP.Utilities.CryptoCoin.Enumerations", "ATAP.Utilities.CryptoCoin.Enumerations\ATAP.Utilities.CryptoCoin.Enumerations.csproj", "{5BBC9254-FAB7-4EED-980F-F256387D7D80}"
EndProject
Project("{9A19103F-16F7-4668-BE54-9A1E7A4F7556}") = "ATAP.Utilities.CryptoCoin.Models", "ATAP.Utilities.CryptoCoin.Models\ATAP.Utilities.CryptoCoin.Models.csproj", "{5D10533D-42BE-4C88-A64C-A371D1350000}"
EndProject
Project("{9A19103F-16F7-4668-BE54-9A1E7A4F7556}") = "ATAP.Utilities.CryptoCoin.Extensions", "ATAP.Utilities.CryptoCoin.Extensions\ATAP.Utilities.CryptoCoin.Extensions.csproj", "{8A45D584-0489-4531-90DF-40FFE9F1EC53}"
EndProject
Project("{9A19103F-16F7-4668-BE54-9A1E7A4F7556}") = "ATAP.Utilities.CryptoCoin.UnitTests", "ATAP.Utilities.CryptoCoin.UnitTests\ATAP.Utilities.CryptoCoin.UnitTests.csproj", "{8182B668-322F-4EAE-871B-6B94C042F01C}"
EndProject
Project("{9A19103F-16F7-4668-BE54-9A1E7A4F7556}") = "ATAP.Utilities.CryptoMiner.Interfaces", "ATAP.Utilities.CryptoMiner.Interfaces\ATAP.Utilities.CryptoMiner.Interfaces.csproj", "{622619DB-7475-4A41-B03D-F50EA59B5981}"
EndProject
Project("{9A19103F-16F7-4668-BE54-9A1E7A4F7556}") = "ATAP.Utilities.CryptoMiner.Enumerations", "ATAP.Utilities.CryptoMiner.Enumerations\ATAP.Utilities.CryptoMiner.Enumerations.csproj", "{93F4B3EA-4301-43E7-9462-FEB8DB3B5F1A}"
EndProject
Project("{9A19103F-16F7-4668-BE54-9A1E7A4F7556}") = "ATAP.Utilities.CryptoMiner.Models", "ATAP.Utilities.CryptoMiner.Models\ATAP.Utilities.CryptoMiner.Models.csproj", "{1A13A5C1-54D0-43E3-B171-4B5C27940637}"
EndProject
Project("{9A19103F-16F7-4668-BE54-9A1E7A4F7556}") = "ATAP.Utilities.CryptoMiner.Extensions", "ATAP.Utilities.CryptoMiner.Extensions\ATAP.Utilities.CryptoMiner.Extensions.csproj", "{A27F8B9A-CAF3-45D4-94D0-190B29EF58D5}"
EndProject
Project("{9A19103F-16F7-4668-BE54-9A1E7A4F7556}") = "ATAP.Utilities.CryptoMiner.UnitTests", "ATAP.Utilities.CryptoMiner.UnitTests\ATAP.Utilities.CryptoMiner.UnitTests.csproj", "{BC39C377-C9A5-43BF-A07C-E8D3462BDDAC}"
EndProject
Project("{9A19103F-16F7-4668-BE54-9A1E7A4F7556}") = "ATAP.Utilities.DateTime", "ATAP.Utilities.DateTime\ATAP.Utilities.DateTime.csproj", "{9DEDDD4C-B2FB-4BB3-8C2C-26BC2FED4D83}"
EndProject
Project("{9A19103F-16F7-4668-BE54-9A1E7A4F7556}") = "ATAP.Utilities.DateTime.UnitTests", "ATAP.Utilities.DateTime.UnitTests\ATAP.Utilities.DateTime.UnitTests.csproj", "{9BCADBFA-9F96-475A-A134-F17C34AEBF6C}"
EndProject
Project("{9A19103F-16F7-4668-BE54-9A1E7A4F7556}") = "ATAP.Utilities.Enumeration", "ATAP.Utilities.Enumeration\ATAP.Utilities.Enumeration.csproj", "{0D9B33E0-65C8-4C22-ADE4-787E37EC632E}"
EndProject
Project("{9A19103F-16F7-4668-BE54-9A1E7A4F7556}") = "ATAP.Utilities.Enumeration.UnitTests", "ATAP.Utilities.Enumeration.UnitTests\ATAP.Utilities.Enumeration.UnitTests.csproj", "{CFAD03DD-277D-417E-95CC-57D98E2C2EBF}"
EndProject
Project("{9A19103F-16F7-4668-BE54-9A1E7A4F7556}") = "ATAP.Utilities.Http", "ATAP.Utilities.Http\ATAP.Utilities.Http.csproj", "{10DC5525-66C4-4FC6-8B41-B0C96E94632B}"
EndProject
Project("{9A19103F-16F7-4668-BE54-9A1E7A4F7556}") = "ATAP.Utilities.Http.UnitTests", "ATAP.Utilities.Http.UnitTests\ATAP.Utilities.Http.UnitTests.csproj", "{FC73DB9F-64DD-4D44-B68C-F3767AA6A337}"
EndProject
Project("{9A19103F-16F7-4668-BE54-9A1E7A4F7556}") = "ATAP.Utilities.Logging", "ATAP.Utilities.Logging\ATAP.Utilities.Logging.csproj", "{B8DDB1DA-F124-4DF3-9497-2927F73B678D}"
EndProject
Project("{9A19103F-16F7-4668-BE54-9A1E7A4F7556}") = "ATAP.Utilities.Logging.UnitTests", "ATAP.Utilities.Logging.UnitTests\ATAP.Utilities.Logging.UnitTests.csproj", "{37605D6E-FF53-4E67-84EF-C4A02EE322AF}"
EndProject
Project("{9A19103F-16F7-4668-BE54-9A1E7A4F7556}") = "ATAP.Utilities.RealEstate.Enumerations", "ATAP.Utilities.RealEstate.Enumerations\ATAP.Utilities.RealEstate.Enumerations.csproj", "{A9F0F4DF-94D3-49F4-8A47-7768D9D49950}"
EndProject
Project("{9A19103F-16F7-4668-BE54-9A1E7A4F7556}") = "ATAP.Utilities.RealEstate.UnitTests", "ATAP.Utilities.RealEstate.UnitTests\ATAP.Utilities.RealEstate.UnitTests.csproj", "{188F4E57-4E95-429E-A844-A3655200A393}"
EndProject
Project("{9A19103F-16F7-4668-BE54-9A1E7A4F7556}") = "ATAP.Utilities.Serializer.Interfaces", "ATAP.Utilities.Serializer.Interfaces\ATAP.Utilities.Serializer.Interfaces.csproj", "{CECCF4F9-C220-4F5E-88F0-FEF8CCB7D2BA}"
EndProject
Project("{9A19103F-16F7-4668-BE54-9A1E7A4F7556}") = "ATAP.Utilities.Serializer.Shim.NewtonsoftJson", "ATAP.Utilities.Serializer.Shim.NewtonsoftJson\ATAP.Utilities.Serializer.Shim.NewtonsoftJson.csproj", "{B4259A1F-B02C-42F5-B22F-40B61C5F6823}"
EndProject
Project("{9A19103F-16F7-4668-BE54-9A1E7A4F7556}") = "ATAP.Utilities.Serializer.Shim.ServiceStackJson", "ATAP.Utilities.Serializer.Shim.ServiceStackJson\ATAP.Utilities.Serializer.Shim.ServiceStackJson.csproj", "{C2FFEDF1-281F-41A1-99CA-D235C105BF7C}"
EndProject
Project("{9A19103F-16F7-4668-BE54-9A1E7A4F7556}") = "ATAP.Utilities.SerializerLoader", "ATAP.Utilities.SerializerLoader\ATAP.Utilities.SerializerLoader.csproj", "{F3487177-AE97-4BC5-AA1C-3E86176505B5}"
EndProject
Project("{9A19103F-16F7-4668-BE54-9A1E7A4F7556}") = "ATAP.Utilities.String", "ATAP.Utilities.String\ATAP.Utilities.String.csproj", "{16742D2A-7546-4534-884D-F386A09DCB3B}"
EndProject
Project("{9A19103F-16F7-4668-BE54-9A1E7A4F7556}") = "ATAP.Utilities.String.UnitTests", "ATAP.Utilities.String.UnitTests\ATAP.Utilities.String.UnitTests.csproj", "{D0E1AD43-554A-40F9-8F35-324A1A1612B7}"
EndProject
Project("{9A19103F-16F7-4668-BE54-9A1E7A4F7556}") = "ATAP.Utilities.Tcp", "ATAP.Utilities.Tcp\ATAP.Utilities.Tcp.csproj", "{87896186-203D-4A81-A1D9-01552470BB0F}"
EndProject
Project("{9A19103F-16F7-4668-BE54-9A1E7A4F7556}") = "ATAP.Utilities.Tcp.UnitTests", "ATAP.Utilities.Tcp.UnitTests\ATAP.Utilities.Tcp.UnitTests.csproj", "{1E2256BE-F4B2-4519-AE66-A314CF7799A8}"
EndProject
Project("{9A19103F-16F7-4668-BE54-9A1E7A4F7556}") = "ATAP.Utilities.Testing", "ATAP.Utilities.Testing\ATAP.Utilities.Testing.csproj", "{9D765FA6-44DB-4A1E-8886-D2FEFF8DCA13}"
EndProject
Project("{9A19103F-16F7-4668-BE54-9A1E7A4F7556}") = "ATAP.Utilities.TypedGuids.UnitTests", "ATAP.Utilities.TypedGuids.UnitTests\ATAP.Utilities.TypedGuids.UnitTests.csproj", "{D925C274-C957-4781-B549-C120AA1D9DBD}"
EndProject
Project("{9A19103F-16F7-4668-BE54-9A1E7A4F7556}") = "ATAP.Utilities.TypedGuids", "ATAP.Utilities.TypedGuids\ATAP.Utilities.TypedGuids.csproj", "{0A955373-6DDF-4EC5-B6BC-F9525D4BADDF}"
EndProject
Project("{9A19103F-16F7-4668-BE54-9A1E7A4F7556}") = "ATAP.Utilities.ZSandbox", "ATAP.Utilities.ZSandbox\ATAP.Utilities.ZSandbox.csproj", "{2854F171-F406-4731-8C11-137E9284262B}"
EndProject
Project("{9A19103F-16F7-4668-BE54-9A1E7A4F7556}") = "ATAP.Utilities.ZSandbox.UnitTests", "ATAP.Utilities.ZSandbox.UnitTests\ATAP.Utilities.ZSandbox.UnitTests.csproj", "{0A301C4A-9886-48E9-AA39-085D07E66482}"
EndProject
Project("{9A19103F-16F7-4668-BE54-9A1E7A4F7556}") = "OpenHardwareMonitorLib", "OpenHardwareMonitorLib\OpenHardwareMonitorLib.csproj", "{B0403790-9BEE-4EC7-979A-5895E151B9BC}"
EndProject
Project("{2150E333-8FDC-42A3-9474-1A3956D46DE8}") = "SolutionDocumentation", "SolutionDocumentation", "{9CCE4A2F-811E-4F6E-9639-74C974CC7DED}"
	ProjectSection(SolutionItems) = preProject
		SolutionDocumentation\ATTRIBUTION.md = SolutionDocumentation\ATTRIBUTION.md
		SolutionDocumentation\Building.md = SolutionDocumentation\Building.md
		SolutionDocumentation\GettingStarted.md = SolutionDocumentation\GettingStarted.md
		SolutionDocumentation\index.md = SolutionDocumentation\index.md
		SolutionDocumentation\ReadMe.md = SolutionDocumentation\ReadMe.md
		SolutionDocumentation\toc.yml = SolutionDocumentation\toc.yml
		SolutionDocumentation\VisualStudioExtensions.md = SolutionDocumentation\VisualStudioExtensions.md
	EndProjectSection
EndProject
Project("{2150E333-8FDC-42A3-9474-1A3956D46DE8}") = ".build", ".build", "{0383FC22-0B8D-4D17-B466-E4DBDE7B5F81}"
	ProjectSection(SolutionItems) = preProject
		.build\ATAP.Utilities.BuildTooling.0.1.0.1\build\Get-CoreInfo.ps1 = .build\ATAP.Utilities.BuildTooling.0.1.0.1\build\Get-CoreInfo.ps1
	EndProjectSection
EndProject
Project("{9A19103F-16F7-4668-BE54-9A1E7A4F7556}") = "ATAP.Utilities.ComputerInventory.ProcessInfo.UnitTests", "ATAP.Utilities.ComputerInventory.ProcessInfo.UnitTests\ATAP.Utilities.ComputerInventory.ProcessInfo.UnitTests.csproj", "{8A63A936-C8E4-4F9D-9947-8250C1B6C89A}"
EndProject
Project("{9A19103F-16F7-4668-BE54-9A1E7A4F7556}") = "ATAP.Utilities.ComputerInventory.Software.UnitTests", "ATAP.Utilities.ComputerInventory.Software.UnitTests\ATAP.Utilities.ComputerInventory.Software.UnitTests.csproj", "{00FCB3BE-0952-49EB-BA52-085FF40AA916}"
EndProject
Project("{9A19103F-16F7-4668-BE54-9A1E7A4F7556}") = "ATAP.Utilities.Philote.Interfaces", "ATAP.Utilities.Philote.Interfaces\ATAP.Utilities.Philote.Interfaces.csproj", "{74108D0E-5022-43AF-B859-E47E5D09B40F}"
EndProject
Project("{9A19103F-16F7-4668-BE54-9A1E7A4F7556}") = "ATAP.Utilities.Philote", "ATAP.Utilities.Philote\ATAP.Utilities.Philote.csproj", "{1DEE66E8-EF9D-40F7-9945-9CD55EF24D6D}"
EndProject
Project("{9A19103F-16F7-4668-BE54-9A1E7A4F7556}") = "ATAP.Utilities.TypedGuids.Interfaces", "ATAP.Utilities.TypedGuids.Interfaces\ATAP.Utilities.TypedGuids.Interfaces.csproj", "{5F890922-C0DE-49F8-8C2C-DDE96075F2B6}"
EndProject
Project("{9A19103F-16F7-4668-BE54-9A1E7A4F7556}") = "ATAP.Utilities.ComputerInventory.Configuration.UnitTests", "ATAP.Utilities.ComputerInventory.Configuration.UnitTests\ATAP.Utilities.ComputerInventory.Configuration.UnitTests.csproj", "{1708871D-1637-45B9-B445-EF33C0D0E797}"
EndProject
Project("{9A19103F-16F7-4668-BE54-9A1E7A4F7556}") = "ATAP.Utilities.ComputerInventory.Hardware.Extensions", "ATAP.Utilities.ComputerInventory.Hardware.Extensions\ATAP.Utilities.ComputerInventory.Hardware.Extensions.csproj", "{D2B7949E-9A50-435A-977F-0B81FA5481DE}"
EndProject
Project("{9A19103F-16F7-4668-BE54-9A1E7A4F7556}") = "ATAP.Utilities.ComputerInventory.Hardware.StringConstants", "ATAP.Utilities.ComputerInventory.Hardware.StringConstants\ATAP.Utilities.ComputerInventory.Hardware.StringConstants.csproj", "{AFD8CB32-CB8B-41C0-B969-9050E3A42D8D}"
EndProject
Project("{9A19103F-16F7-4668-BE54-9A1E7A4F7556}") = "ATAP.Utilities.Persistence", "ATAP.Utilities.Persistence\ATAP.Utilities.Persistence.csproj", "{208E54AF-C24F-4235-B367-967BF9F6437B}"
EndProject
Project("{9A19103F-16F7-4668-BE54-9A1E7A4F7556}") = "ATAP.Utilities.Persistence.Interfaces", "ATAP.Utilities.Persistence.Interfaces\ATAP.Utilities.Persistence.Interfaces.csproj", "{A595E0FD-8147-4032-BDD6-14C979AD97CC}"
EndProject
Project("{9A19103F-16F7-4668-BE54-9A1E7A4F7556}") = "ATAP.Utilities.ComputerInventory.UnitTests", "ATAP.Utilities.ComputerInventory.UnitTests\ATAP.Utilities.ComputerInventory.UnitTests.csproj", "{8B279210-31CE-465E-AC71-9CD0DA6022AF}"
EndProject
Project("{9A19103F-16F7-4668-BE54-9A1E7A4F7556}") = "ATAP.Utilities.ComputerInventory.ProcessInfo.StringConstants", "ATAP.Utilities.ComputerInventory.ProcessInfo.StringConstants\ATAP.Utilities.ComputerInventory.ProcessInfo.StringConstants.csproj", "{DDEB89DE-C07E-4759-9A57-364109B70B6D}"
EndProject
Project("{9A19103F-16F7-4668-BE54-9A1E7A4F7556}") = "ATAP.Utilities.ComputerInventory.ProcessInfo.Extensions", "ATAP.Utilities.ComputerInventory.ProcessInfo.Extensions\ATAP.Utilities.ComputerInventory.ProcessInfo.Extensions.csproj", "{8EB36189-3E85-45EB-954A-58B4043DE356}"
EndProject
Project("{9A19103F-16F7-4668-BE54-9A1E7A4F7556}") = "ATAP.Utilities.ComputerInventory.Software.DefaultConfiguration", "ATAP.Utilities.ComputerInventory.Software.DefaultConfiguration\ATAP.Utilities.ComputerInventory.Software.DefaultConfiguration.csproj", "{CB30C9BA-A2F2-45A6-9A4A-E19CD7560768}"
EndProject
Project("{9A19103F-16F7-4668-BE54-9A1E7A4F7556}") = "ATAP.Utilities.Philote.DefaultConfiguration", "ATAP.Utilities.Philote.DefaultConfiguration\ATAP.Utilities.Philote.DefaultConfiguration.csproj", "{EE877675-2FB7-416D-AE38-E3B5E4292251}"
EndProject
Project("{2150E333-8FDC-42A3-9474-1A3956D46DE8}") = "tests", "tests", "{984B3A90-8771-486E-9BC3-66D2F35963C2}"
EndProject
Project("{9A19103F-16F7-4668-BE54-9A1E7A4F7556}") = "ATAP.Utilities.Persistence.UnitTests", "tests\ATAP.Utilities.Persistence.UnitTests\ATAP.Utilities.Persistence.UnitTests.csproj", "{E3B52A78-D799-4C07-80E2-F7E06D6D3377}"
EndProject
Project("{2150E333-8FDC-42A3-9474-1A3956D46DE8}") = "src", "src", "{F78E1157-C4C3-4162-8B2D-72FC45CB698E}"
EndProject
Project("{9A19103F-16F7-4668-BE54-9A1E7A4F7556}") = "ATAP.Utilities.Extensions.Persistence", "src\ATAP.Utilities.Extensions.Persistence\ATAP.Utilities.Extensions.Persistence.csproj", "{DE16D68A-42DE-46F2-8A18-E9A1EC72678E}"
EndProject
Project("{9A19103F-16F7-4668-BE54-9A1E7A4F7556}") = "ATAP.Utilities.Testing.UnitTests", "tests\ATAP.Utilities.Testing.UnitTests\ATAP.Utilities.Testing.UnitTests.csproj", "{2AAC7546-88A5-4F9D-B0C8-FBA851E6A50E}"
EndProject
Project("{9A19103F-16F7-4668-BE54-9A1E7A4F7556}") = "ATAP.Utilities.Serializer.UnitTests", "tests\ATAP.Utilities.Serializer.UnitTests\ATAP.Utilities.Serializer.UnitTests.csproj", "{D27ADDC5-684F-46D3-BE9E-5488559A53A3}"
EndProject
Project("{9A19103F-16F7-4668-BE54-9A1E7A4F7556}") = "ATAP.Utilities.GraphDataStructures.UnitTests", "tests\ATAP.Utilities.GraphDataStructures.UnitTests\ATAP.Utilities.GraphDataStructures.UnitTests.csproj", "{30343D72-3E63-43ED-AB2B-822489629DA2}"
EndProject
Project("{9A19103F-16F7-4668-BE54-9A1E7A4F7556}") = "ATAP.Utilities.GraphDataStructures", "src\ATAP.Utilities.GraphDataStructures\ATAP.Utilities.GraphDataStructures.csproj", "{B2A4723B-52AB-4C25-B9DB-EDBC55E0FE02}"
EndProject
Project("{9A19103F-16F7-4668-BE54-9A1E7A4F7556}") = "ATAP.Utilities.GraphDataStructures.Interfaces", "src\ATAP.Utilities.GraphDataStructures.Interfaces\ATAP.Utilities.GraphDataStructures.Interfaces.csproj", "{80D10EB6-52BE-40A4-8B98-09BC84C5D7D8}"
EndProject
Project("{9A19103F-16F7-4668-BE54-9A1E7A4F7556}") = "ATAP.Utilities.Philote.UnitTests", "tests\ATAP.Utilities.Philote.UnitTests\ATAP.Utilities.Philote.UnitTests.csproj", "{97867737-350F-45A2-9888-AAE28086D3A2}"
EndProject
Project("{9A19103F-16F7-4668-BE54-9A1E7A4F7556}") = "ATAP.Utilities.1Console", "src\ATAP.Utilities.1Console\ATAP.Utilities.1Console.csproj", "{6ED198E7-653B-4454-BBC3-E341593F6065}"
EndProject
Project("{9A19103F-16F7-4668-BE54-9A1E7A4F7556}") = "ATAP.Utilities.1Console.StringConstants", "src\ATAP.Utilities.1Console.StringConstants\ATAP.Utilities.1Console.StringConstants.csproj", "{1A921845-35F7-454E-99BE-573326CB5D31}"
EndProject
Project("{9A19103F-16F7-4668-BE54-9A1E7A4F7556}") = "ATAP.Utilities.ETW", "src\ATAP.Utilities.ETW\ATAP.Utilities.ETW.csproj", "{F9F36BF6-B652-41DF-8F81-D67E35FCEF3C}"
EndProject
Project("{9A19103F-16F7-4668-BE54-9A1E7A4F7556}") = "ATAP.Utilities.GenerateProgram", "src\ATAP.Utilities.GenerateProgram\ATAP.Utilities.GenerateProgram.csproj", "{43055EF2-D3E2-44A1-8F65-C7A6779F8437}"
EndProject
Project("{9A19103F-16F7-4668-BE54-9A1E7A4F7556}") = "ATAP.Utilities.GenerateProgram.UnitTests", "tests\ATAP.Utilities.GenerateProgram.UnitTests\ATAP.Utilities.GenerateProgram.UnitTests.csproj", "{CF9D47E4-D333-4805-9176-BE701F6428A2}"
EndProject
Project("{9A19103F-16F7-4668-BE54-9A1E7A4F7556}") = "ATAP.Utilities.Extensions.Reactive", "src\ATAP.Utilities.Extensions.Reactive\ATAP.Utilities.Extensions.Reactive.csproj", "{B5DD19D5-1496-4207-A693-A73595B1B930}"
EndProject
Project("{9A19103F-16F7-4668-BE54-9A1E7A4F7556}") = "ATAP.Utilities.HostedServices", "src\ATAP.Utilities.HostedServices\ATAP.Utilities.HostedServices.csproj", "{74E8627F-CFB3-418A-8596-9B5F56A403D6}"
EndProject
Project("{9A19103F-16F7-4668-BE54-9A1E7A4F7556}") = "ATAP.Utilities.HostedServices.Interfaces", "src\ATAP.Utilities.HostedServices.Interfaces\ATAP.Utilities.HostedServices.Interfaces.csproj", "{F263A28D-A9F3-42C5-AFA7-9016316086CA}"
EndProject
Global
	GlobalSection(SolutionConfigurationPlatforms) = preSolution
		Debug|Any CPU = Debug|Any CPU
		Release|Any CPU = Release|Any CPU
		ReleaseWithTrace|Any CPU = ReleaseWithTrace|Any CPU
	EndGlobalSection
	GlobalSection(ProjectConfigurationPlatforms) = postSolution
		{9293C0CA-6E85-4448-801B-F92600C78787}.Debug|Any CPU.ActiveCfg = Debug|Any CPU
		{9293C0CA-6E85-4448-801B-F92600C78787}.Debug|Any CPU.Build.0 = Debug|Any CPU
		{9293C0CA-6E85-4448-801B-F92600C78787}.Release|Any CPU.ActiveCfg = Release|Any CPU
		{9293C0CA-6E85-4448-801B-F92600C78787}.Release|Any CPU.Build.0 = Release|Any CPU
		{9293C0CA-6E85-4448-801B-F92600C78787}.ReleaseWithTrace|Any CPU.ActiveCfg = ReleaseWithTrace|Any CPU
		{9293C0CA-6E85-4448-801B-F92600C78787}.ReleaseWithTrace|Any CPU.Build.0 = ReleaseWithTrace|Any CPU
		{DF414E11-E82C-4710-9DDD-9FE741E9C7FC}.Debug|Any CPU.ActiveCfg = Debug|Any CPU
		{DF414E11-E82C-4710-9DDD-9FE741E9C7FC}.Release|Any CPU.ActiveCfg = Debug|Any CPU
		{DF414E11-E82C-4710-9DDD-9FE741E9C7FC}.ReleaseWithTrace|Any CPU.ActiveCfg = ReleaseWithTrace|Any CPU
		{0AC51559-80D3-4C2C-BDA6-495CB26F02FC}.Debug|Any CPU.ActiveCfg = Debug|Any CPU
		{0AC51559-80D3-4C2C-BDA6-495CB26F02FC}.Release|Any CPU.ActiveCfg = Release|Any CPU
		{0AC51559-80D3-4C2C-BDA6-495CB26F02FC}.ReleaseWithTrace|Any CPU.ActiveCfg = ReleaseWithTrace|Any CPU
		{DBD8663F-C30C-4702-B97A-5365529B4D15}.Debug|Any CPU.ActiveCfg = Debug|Any CPU
		{DBD8663F-C30C-4702-B97A-5365529B4D15}.Release|Any CPU.ActiveCfg = Release|Any CPU
		{DBD8663F-C30C-4702-B97A-5365529B4D15}.ReleaseWithTrace|Any CPU.ActiveCfg = ReleaseWithTrace|Any CPU
		{D4CEE619-BAC8-4797-9277-5055EEBE4DB9}.Debug|Any CPU.ActiveCfg = Debug|Any CPU
		{D4CEE619-BAC8-4797-9277-5055EEBE4DB9}.Debug|Any CPU.Build.0 = Debug|Any CPU
		{D4CEE619-BAC8-4797-9277-5055EEBE4DB9}.Release|Any CPU.ActiveCfg = Release|Any CPU
		{D4CEE619-BAC8-4797-9277-5055EEBE4DB9}.Release|Any CPU.Build.0 = Release|Any CPU
		{D4CEE619-BAC8-4797-9277-5055EEBE4DB9}.ReleaseWithTrace|Any CPU.ActiveCfg = ReleaseWithTrace|Any CPU
		{D4CEE619-BAC8-4797-9277-5055EEBE4DB9}.ReleaseWithTrace|Any CPU.Build.0 = ReleaseWithTrace|Any CPU
		{AA7F491D-1D0B-4B76-AB6E-E34331F8BB4A}.Debug|Any CPU.ActiveCfg = Debug|Any CPU
		{AA7F491D-1D0B-4B76-AB6E-E34331F8BB4A}.Debug|Any CPU.Build.0 = Debug|Any CPU
		{AA7F491D-1D0B-4B76-AB6E-E34331F8BB4A}.Release|Any CPU.ActiveCfg = Release|Any CPU
		{AA7F491D-1D0B-4B76-AB6E-E34331F8BB4A}.Release|Any CPU.Build.0 = Release|Any CPU
		{AA7F491D-1D0B-4B76-AB6E-E34331F8BB4A}.ReleaseWithTrace|Any CPU.ActiveCfg = ReleaseWithTrace|Any CPU
		{AA7F491D-1D0B-4B76-AB6E-E34331F8BB4A}.ReleaseWithTrace|Any CPU.Build.0 = ReleaseWithTrace|Any CPU
		{BA77F91E-3BE9-4F1C-956A-56EE711E002D}.Debug|Any CPU.ActiveCfg = Debug|Any CPU
		{BA77F91E-3BE9-4F1C-956A-56EE711E002D}.Debug|Any CPU.Build.0 = Debug|Any CPU
		{BA77F91E-3BE9-4F1C-956A-56EE711E002D}.Release|Any CPU.ActiveCfg = Release|Any CPU
		{BA77F91E-3BE9-4F1C-956A-56EE711E002D}.Release|Any CPU.Build.0 = Release|Any CPU
		{BA77F91E-3BE9-4F1C-956A-56EE711E002D}.ReleaseWithTrace|Any CPU.ActiveCfg = ReleaseWithTrace|Any CPU
		{BA77F91E-3BE9-4F1C-956A-56EE711E002D}.ReleaseWithTrace|Any CPU.Build.0 = ReleaseWithTrace|Any CPU
		{9F1C3881-C34C-4913-B5D6-369F081E9EAC}.Debug|Any CPU.ActiveCfg = Debug|Any CPU
		{9F1C3881-C34C-4913-B5D6-369F081E9EAC}.Debug|Any CPU.Build.0 = Debug|Any CPU
		{9F1C3881-C34C-4913-B5D6-369F081E9EAC}.Release|Any CPU.ActiveCfg = Release|Any CPU
		{9F1C3881-C34C-4913-B5D6-369F081E9EAC}.Release|Any CPU.Build.0 = Release|Any CPU
		{9F1C3881-C34C-4913-B5D6-369F081E9EAC}.ReleaseWithTrace|Any CPU.ActiveCfg = ReleaseWithTrace|Any CPU
		{9F1C3881-C34C-4913-B5D6-369F081E9EAC}.ReleaseWithTrace|Any CPU.Build.0 = ReleaseWithTrace|Any CPU
		{916E4C82-9680-4876-B302-A17B82EBF3A5}.Debug|Any CPU.ActiveCfg = Debug|Any CPU
		{916E4C82-9680-4876-B302-A17B82EBF3A5}.Debug|Any CPU.Build.0 = Debug|Any CPU
		{916E4C82-9680-4876-B302-A17B82EBF3A5}.Release|Any CPU.ActiveCfg = Release|Any CPU
		{916E4C82-9680-4876-B302-A17B82EBF3A5}.Release|Any CPU.Build.0 = Release|Any CPU
		{916E4C82-9680-4876-B302-A17B82EBF3A5}.ReleaseWithTrace|Any CPU.ActiveCfg = ReleaseWithTrace|Any CPU
		{916E4C82-9680-4876-B302-A17B82EBF3A5}.ReleaseWithTrace|Any CPU.Build.0 = ReleaseWithTrace|Any CPU
		{22FE1C86-4A0D-47AB-9C4A-85027EFAD18B}.Debug|Any CPU.ActiveCfg = Debug|Any CPU
		{22FE1C86-4A0D-47AB-9C4A-85027EFAD18B}.Debug|Any CPU.Build.0 = Debug|Any CPU
		{22FE1C86-4A0D-47AB-9C4A-85027EFAD18B}.Release|Any CPU.ActiveCfg = Release|Any CPU
		{22FE1C86-4A0D-47AB-9C4A-85027EFAD18B}.Release|Any CPU.Build.0 = Release|Any CPU
		{22FE1C86-4A0D-47AB-9C4A-85027EFAD18B}.ReleaseWithTrace|Any CPU.ActiveCfg = ReleaseWithTrace|Any CPU
		{22FE1C86-4A0D-47AB-9C4A-85027EFAD18B}.ReleaseWithTrace|Any CPU.Build.0 = ReleaseWithTrace|Any CPU
		{7EAD405C-7EA3-4FEC-9279-1F17E23DA3AD}.Debug|Any CPU.ActiveCfg = Debug|Any CPU
		{7EAD405C-7EA3-4FEC-9279-1F17E23DA3AD}.Debug|Any CPU.Build.0 = Debug|Any CPU
		{7EAD405C-7EA3-4FEC-9279-1F17E23DA3AD}.Release|Any CPU.ActiveCfg = Release|Any CPU
		{7EAD405C-7EA3-4FEC-9279-1F17E23DA3AD}.Release|Any CPU.Build.0 = Release|Any CPU
		{7EAD405C-7EA3-4FEC-9279-1F17E23DA3AD}.ReleaseWithTrace|Any CPU.ActiveCfg = ReleaseWithTrace|Any CPU
		{7EAD405C-7EA3-4FEC-9279-1F17E23DA3AD}.ReleaseWithTrace|Any CPU.Build.0 = ReleaseWithTrace|Any CPU
		{1E079F75-BB9E-462A-9AA7-8C515EFAB400}.Debug|Any CPU.ActiveCfg = Debug|Any CPU
		{1E079F75-BB9E-462A-9AA7-8C515EFAB400}.Debug|Any CPU.Build.0 = Debug|Any CPU
		{1E079F75-BB9E-462A-9AA7-8C515EFAB400}.Release|Any CPU.ActiveCfg = Release|Any CPU
		{1E079F75-BB9E-462A-9AA7-8C515EFAB400}.Release|Any CPU.Build.0 = Release|Any CPU
		{1E079F75-BB9E-462A-9AA7-8C515EFAB400}.ReleaseWithTrace|Any CPU.ActiveCfg = ReleaseWithTrace|Any CPU
		{1E079F75-BB9E-462A-9AA7-8C515EFAB400}.ReleaseWithTrace|Any CPU.Build.0 = ReleaseWithTrace|Any CPU
		{C62B8BDF-6F5D-4ECC-94D0-C227BB7E4697}.Debug|Any CPU.ActiveCfg = Debug|Any CPU
		{C62B8BDF-6F5D-4ECC-94D0-C227BB7E4697}.Debug|Any CPU.Build.0 = Debug|Any CPU
		{C62B8BDF-6F5D-4ECC-94D0-C227BB7E4697}.Release|Any CPU.ActiveCfg = Release|Any CPU
		{C62B8BDF-6F5D-4ECC-94D0-C227BB7E4697}.Release|Any CPU.Build.0 = Release|Any CPU
		{C62B8BDF-6F5D-4ECC-94D0-C227BB7E4697}.ReleaseWithTrace|Any CPU.ActiveCfg = ReleaseWithTrace|Any CPU
		{C62B8BDF-6F5D-4ECC-94D0-C227BB7E4697}.ReleaseWithTrace|Any CPU.Build.0 = ReleaseWithTrace|Any CPU
		{A70E66F6-5ADF-4663-B8DE-E1BF83F3DEB8}.Debug|Any CPU.ActiveCfg = Debug|Any CPU
		{A70E66F6-5ADF-4663-B8DE-E1BF83F3DEB8}.Debug|Any CPU.Build.0 = Debug|Any CPU
		{A70E66F6-5ADF-4663-B8DE-E1BF83F3DEB8}.Release|Any CPU.ActiveCfg = Release|Any CPU
		{A70E66F6-5ADF-4663-B8DE-E1BF83F3DEB8}.Release|Any CPU.Build.0 = Release|Any CPU
		{A70E66F6-5ADF-4663-B8DE-E1BF83F3DEB8}.ReleaseWithTrace|Any CPU.ActiveCfg = ReleaseWithTrace|Any CPU
		{A70E66F6-5ADF-4663-B8DE-E1BF83F3DEB8}.ReleaseWithTrace|Any CPU.Build.0 = ReleaseWithTrace|Any CPU
		{6242B125-AA96-4A10-8588-A6CAED713938}.Debug|Any CPU.ActiveCfg = Debug|Any CPU
		{6242B125-AA96-4A10-8588-A6CAED713938}.Debug|Any CPU.Build.0 = Debug|Any CPU
		{6242B125-AA96-4A10-8588-A6CAED713938}.Release|Any CPU.ActiveCfg = Release|Any CPU
		{6242B125-AA96-4A10-8588-A6CAED713938}.Release|Any CPU.Build.0 = Release|Any CPU
		{6242B125-AA96-4A10-8588-A6CAED713938}.ReleaseWithTrace|Any CPU.ActiveCfg = ReleaseWithTrace|Any CPU
		{6242B125-AA96-4A10-8588-A6CAED713938}.ReleaseWithTrace|Any CPU.Build.0 = ReleaseWithTrace|Any CPU
		{9DCAC849-3820-41B5-967D-A321C71AF9FA}.Debug|Any CPU.ActiveCfg = Debug|Any CPU
		{9DCAC849-3820-41B5-967D-A321C71AF9FA}.Debug|Any CPU.Build.0 = Debug|Any CPU
		{9DCAC849-3820-41B5-967D-A321C71AF9FA}.Release|Any CPU.ActiveCfg = Release|Any CPU
		{9DCAC849-3820-41B5-967D-A321C71AF9FA}.Release|Any CPU.Build.0 = Release|Any CPU
		{9DCAC849-3820-41B5-967D-A321C71AF9FA}.ReleaseWithTrace|Any CPU.ActiveCfg = ReleaseWithTrace|Any CPU
		{9DCAC849-3820-41B5-967D-A321C71AF9FA}.ReleaseWithTrace|Any CPU.Build.0 = ReleaseWithTrace|Any CPU
		{D56034DA-9345-4694-B91F-1F6E1593DDB8}.Debug|Any CPU.ActiveCfg = Debug|Any CPU
		{D56034DA-9345-4694-B91F-1F6E1593DDB8}.Debug|Any CPU.Build.0 = Debug|Any CPU
		{D56034DA-9345-4694-B91F-1F6E1593DDB8}.Release|Any CPU.ActiveCfg = Release|Any CPU
		{D56034DA-9345-4694-B91F-1F6E1593DDB8}.Release|Any CPU.Build.0 = Release|Any CPU
		{D56034DA-9345-4694-B91F-1F6E1593DDB8}.ReleaseWithTrace|Any CPU.ActiveCfg = ReleaseWithTrace|Any CPU
		{D56034DA-9345-4694-B91F-1F6E1593DDB8}.ReleaseWithTrace|Any CPU.Build.0 = ReleaseWithTrace|Any CPU
		{CEDEBBBA-43FC-4885-8E15-15230777E89C}.Debug|Any CPU.ActiveCfg = Debug|Any CPU
		{CEDEBBBA-43FC-4885-8E15-15230777E89C}.Debug|Any CPU.Build.0 = Debug|Any CPU
		{CEDEBBBA-43FC-4885-8E15-15230777E89C}.Release|Any CPU.ActiveCfg = Release|Any CPU
		{CEDEBBBA-43FC-4885-8E15-15230777E89C}.Release|Any CPU.Build.0 = Release|Any CPU
		{CEDEBBBA-43FC-4885-8E15-15230777E89C}.ReleaseWithTrace|Any CPU.ActiveCfg = ReleaseWithTrace|Any CPU
		{CEDEBBBA-43FC-4885-8E15-15230777E89C}.ReleaseWithTrace|Any CPU.Build.0 = ReleaseWithTrace|Any CPU
		{84AAB1CA-DCF2-40A3-B82B-1A8721A831E4}.Debug|Any CPU.ActiveCfg = Debug|Any CPU
		{84AAB1CA-DCF2-40A3-B82B-1A8721A831E4}.Debug|Any CPU.Build.0 = Debug|Any CPU
		{84AAB1CA-DCF2-40A3-B82B-1A8721A831E4}.Release|Any CPU.ActiveCfg = Release|Any CPU
		{84AAB1CA-DCF2-40A3-B82B-1A8721A831E4}.Release|Any CPU.Build.0 = Release|Any CPU
		{84AAB1CA-DCF2-40A3-B82B-1A8721A831E4}.ReleaseWithTrace|Any CPU.ActiveCfg = ReleaseWithTrace|Any CPU
		{84AAB1CA-DCF2-40A3-B82B-1A8721A831E4}.ReleaseWithTrace|Any CPU.Build.0 = ReleaseWithTrace|Any CPU
		{43810099-C65B-413E-B11A-07679830D867}.Debug|Any CPU.ActiveCfg = Debug|Any CPU
		{43810099-C65B-413E-B11A-07679830D867}.Debug|Any CPU.Build.0 = Debug|Any CPU
		{43810099-C65B-413E-B11A-07679830D867}.Release|Any CPU.ActiveCfg = Release|Any CPU
		{43810099-C65B-413E-B11A-07679830D867}.Release|Any CPU.Build.0 = Release|Any CPU
		{43810099-C65B-413E-B11A-07679830D867}.ReleaseWithTrace|Any CPU.ActiveCfg = ReleaseWithTrace|Any CPU
		{43810099-C65B-413E-B11A-07679830D867}.ReleaseWithTrace|Any CPU.Build.0 = ReleaseWithTrace|Any CPU
		{7F0F5CA7-50E1-4E9F-8F55-EBE82652E520}.Debug|Any CPU.ActiveCfg = Debug|Any CPU
		{7F0F5CA7-50E1-4E9F-8F55-EBE82652E520}.Debug|Any CPU.Build.0 = Debug|Any CPU
		{7F0F5CA7-50E1-4E9F-8F55-EBE82652E520}.Release|Any CPU.ActiveCfg = Release|Any CPU
		{7F0F5CA7-50E1-4E9F-8F55-EBE82652E520}.Release|Any CPU.Build.0 = Release|Any CPU
		{7F0F5CA7-50E1-4E9F-8F55-EBE82652E520}.ReleaseWithTrace|Any CPU.ActiveCfg = ReleaseWithTrace|Any CPU
		{7F0F5CA7-50E1-4E9F-8F55-EBE82652E520}.ReleaseWithTrace|Any CPU.Build.0 = ReleaseWithTrace|Any CPU
		{0B53AFE8-D9E3-4EF6-9DA1-484B9B5A30FC}.Debug|Any CPU.ActiveCfg = Debug|Any CPU
		{0B53AFE8-D9E3-4EF6-9DA1-484B9B5A30FC}.Debug|Any CPU.Build.0 = Debug|Any CPU
		{0B53AFE8-D9E3-4EF6-9DA1-484B9B5A30FC}.Release|Any CPU.ActiveCfg = Release|Any CPU
		{0B53AFE8-D9E3-4EF6-9DA1-484B9B5A30FC}.Release|Any CPU.Build.0 = Release|Any CPU
		{0B53AFE8-D9E3-4EF6-9DA1-484B9B5A30FC}.ReleaseWithTrace|Any CPU.ActiveCfg = ReleaseWithTrace|Any CPU
		{0B53AFE8-D9E3-4EF6-9DA1-484B9B5A30FC}.ReleaseWithTrace|Any CPU.Build.0 = ReleaseWithTrace|Any CPU
		{5BBC9254-FAB7-4EED-980F-F256387D7D80}.Debug|Any CPU.ActiveCfg = Debug|Any CPU
		{5BBC9254-FAB7-4EED-980F-F256387D7D80}.Debug|Any CPU.Build.0 = Debug|Any CPU
		{5BBC9254-FAB7-4EED-980F-F256387D7D80}.Release|Any CPU.ActiveCfg = Release|Any CPU
		{5BBC9254-FAB7-4EED-980F-F256387D7D80}.Release|Any CPU.Build.0 = Release|Any CPU
		{5BBC9254-FAB7-4EED-980F-F256387D7D80}.ReleaseWithTrace|Any CPU.ActiveCfg = ReleaseWithTrace|Any CPU
		{5BBC9254-FAB7-4EED-980F-F256387D7D80}.ReleaseWithTrace|Any CPU.Build.0 = ReleaseWithTrace|Any CPU
		{5D10533D-42BE-4C88-A64C-A371D1350000}.Debug|Any CPU.ActiveCfg = Debug|Any CPU
		{5D10533D-42BE-4C88-A64C-A371D1350000}.Debug|Any CPU.Build.0 = Debug|Any CPU
		{5D10533D-42BE-4C88-A64C-A371D1350000}.Release|Any CPU.ActiveCfg = Release|Any CPU
		{5D10533D-42BE-4C88-A64C-A371D1350000}.Release|Any CPU.Build.0 = Release|Any CPU
		{5D10533D-42BE-4C88-A64C-A371D1350000}.ReleaseWithTrace|Any CPU.ActiveCfg = ReleaseWithTrace|Any CPU
		{5D10533D-42BE-4C88-A64C-A371D1350000}.ReleaseWithTrace|Any CPU.Build.0 = ReleaseWithTrace|Any CPU
		{8A45D584-0489-4531-90DF-40FFE9F1EC53}.Debug|Any CPU.ActiveCfg = Debug|Any CPU
		{8A45D584-0489-4531-90DF-40FFE9F1EC53}.Debug|Any CPU.Build.0 = Debug|Any CPU
		{8A45D584-0489-4531-90DF-40FFE9F1EC53}.Release|Any CPU.ActiveCfg = Release|Any CPU
		{8A45D584-0489-4531-90DF-40FFE9F1EC53}.Release|Any CPU.Build.0 = Release|Any CPU
		{8A45D584-0489-4531-90DF-40FFE9F1EC53}.ReleaseWithTrace|Any CPU.ActiveCfg = ReleaseWithTrace|Any CPU
		{8A45D584-0489-4531-90DF-40FFE9F1EC53}.ReleaseWithTrace|Any CPU.Build.0 = ReleaseWithTrace|Any CPU
		{8182B668-322F-4EAE-871B-6B94C042F01C}.Debug|Any CPU.ActiveCfg = Debug|Any CPU
		{8182B668-322F-4EAE-871B-6B94C042F01C}.Debug|Any CPU.Build.0 = Debug|Any CPU
		{8182B668-322F-4EAE-871B-6B94C042F01C}.Release|Any CPU.ActiveCfg = Release|Any CPU
		{8182B668-322F-4EAE-871B-6B94C042F01C}.Release|Any CPU.Build.0 = Release|Any CPU
		{8182B668-322F-4EAE-871B-6B94C042F01C}.ReleaseWithTrace|Any CPU.ActiveCfg = ReleaseWithTrace|Any CPU
		{8182B668-322F-4EAE-871B-6B94C042F01C}.ReleaseWithTrace|Any CPU.Build.0 = ReleaseWithTrace|Any CPU
		{622619DB-7475-4A41-B03D-F50EA59B5981}.Debug|Any CPU.ActiveCfg = Debug|Any CPU
		{622619DB-7475-4A41-B03D-F50EA59B5981}.Debug|Any CPU.Build.0 = Debug|Any CPU
		{622619DB-7475-4A41-B03D-F50EA59B5981}.Release|Any CPU.ActiveCfg = Release|Any CPU
		{622619DB-7475-4A41-B03D-F50EA59B5981}.Release|Any CPU.Build.0 = Release|Any CPU
		{622619DB-7475-4A41-B03D-F50EA59B5981}.ReleaseWithTrace|Any CPU.ActiveCfg = ReleaseWithTrace|Any CPU
		{622619DB-7475-4A41-B03D-F50EA59B5981}.ReleaseWithTrace|Any CPU.Build.0 = ReleaseWithTrace|Any CPU
		{93F4B3EA-4301-43E7-9462-FEB8DB3B5F1A}.Debug|Any CPU.ActiveCfg = Debug|Any CPU
		{93F4B3EA-4301-43E7-9462-FEB8DB3B5F1A}.Debug|Any CPU.Build.0 = Debug|Any CPU
		{93F4B3EA-4301-43E7-9462-FEB8DB3B5F1A}.Release|Any CPU.ActiveCfg = Release|Any CPU
		{93F4B3EA-4301-43E7-9462-FEB8DB3B5F1A}.Release|Any CPU.Build.0 = Release|Any CPU
		{93F4B3EA-4301-43E7-9462-FEB8DB3B5F1A}.ReleaseWithTrace|Any CPU.ActiveCfg = ReleaseWithTrace|Any CPU
		{93F4B3EA-4301-43E7-9462-FEB8DB3B5F1A}.ReleaseWithTrace|Any CPU.Build.0 = ReleaseWithTrace|Any CPU
		{1A13A5C1-54D0-43E3-B171-4B5C27940637}.Debug|Any CPU.ActiveCfg = Debug|Any CPU
		{1A13A5C1-54D0-43E3-B171-4B5C27940637}.Debug|Any CPU.Build.0 = Debug|Any CPU
		{1A13A5C1-54D0-43E3-B171-4B5C27940637}.Release|Any CPU.ActiveCfg = Release|Any CPU
		{1A13A5C1-54D0-43E3-B171-4B5C27940637}.Release|Any CPU.Build.0 = Release|Any CPU
		{1A13A5C1-54D0-43E3-B171-4B5C27940637}.ReleaseWithTrace|Any CPU.ActiveCfg = ReleaseWithTrace|Any CPU
		{1A13A5C1-54D0-43E3-B171-4B5C27940637}.ReleaseWithTrace|Any CPU.Build.0 = ReleaseWithTrace|Any CPU
		{A27F8B9A-CAF3-45D4-94D0-190B29EF58D5}.Debug|Any CPU.ActiveCfg = Debug|Any CPU
		{A27F8B9A-CAF3-45D4-94D0-190B29EF58D5}.Debug|Any CPU.Build.0 = Debug|Any CPU
		{A27F8B9A-CAF3-45D4-94D0-190B29EF58D5}.Release|Any CPU.ActiveCfg = Release|Any CPU
		{A27F8B9A-CAF3-45D4-94D0-190B29EF58D5}.Release|Any CPU.Build.0 = Release|Any CPU
		{A27F8B9A-CAF3-45D4-94D0-190B29EF58D5}.ReleaseWithTrace|Any CPU.ActiveCfg = ReleaseWithTrace|Any CPU
		{A27F8B9A-CAF3-45D4-94D0-190B29EF58D5}.ReleaseWithTrace|Any CPU.Build.0 = ReleaseWithTrace|Any CPU
		{BC39C377-C9A5-43BF-A07C-E8D3462BDDAC}.Debug|Any CPU.ActiveCfg = Debug|Any CPU
		{BC39C377-C9A5-43BF-A07C-E8D3462BDDAC}.Release|Any CPU.ActiveCfg = Release|Any CPU
		{BC39C377-C9A5-43BF-A07C-E8D3462BDDAC}.ReleaseWithTrace|Any CPU.ActiveCfg = ReleaseWithTrace|Any CPU
		{9DEDDD4C-B2FB-4BB3-8C2C-26BC2FED4D83}.Debug|Any CPU.ActiveCfg = Debug|Any CPU
		{9DEDDD4C-B2FB-4BB3-8C2C-26BC2FED4D83}.Debug|Any CPU.Build.0 = Debug|Any CPU
		{9DEDDD4C-B2FB-4BB3-8C2C-26BC2FED4D83}.Release|Any CPU.ActiveCfg = Release|Any CPU
		{9DEDDD4C-B2FB-4BB3-8C2C-26BC2FED4D83}.Release|Any CPU.Build.0 = Release|Any CPU
		{9DEDDD4C-B2FB-4BB3-8C2C-26BC2FED4D83}.ReleaseWithTrace|Any CPU.ActiveCfg = ReleaseWithTrace|Any CPU
		{9DEDDD4C-B2FB-4BB3-8C2C-26BC2FED4D83}.ReleaseWithTrace|Any CPU.Build.0 = ReleaseWithTrace|Any CPU
		{9BCADBFA-9F96-475A-A134-F17C34AEBF6C}.Debug|Any CPU.ActiveCfg = Debug|Any CPU
		{9BCADBFA-9F96-475A-A134-F17C34AEBF6C}.Debug|Any CPU.Build.0 = Debug|Any CPU
		{9BCADBFA-9F96-475A-A134-F17C34AEBF6C}.Release|Any CPU.ActiveCfg = Release|Any CPU
		{9BCADBFA-9F96-475A-A134-F17C34AEBF6C}.Release|Any CPU.Build.0 = Release|Any CPU
		{9BCADBFA-9F96-475A-A134-F17C34AEBF6C}.ReleaseWithTrace|Any CPU.ActiveCfg = ReleaseWithTrace|Any CPU
		{9BCADBFA-9F96-475A-A134-F17C34AEBF6C}.ReleaseWithTrace|Any CPU.Build.0 = ReleaseWithTrace|Any CPU
		{0D9B33E0-65C8-4C22-ADE4-787E37EC632E}.Debug|Any CPU.ActiveCfg = Debug|Any CPU
		{0D9B33E0-65C8-4C22-ADE4-787E37EC632E}.Debug|Any CPU.Build.0 = Debug|Any CPU
		{0D9B33E0-65C8-4C22-ADE4-787E37EC632E}.Release|Any CPU.ActiveCfg = Release|Any CPU
		{0D9B33E0-65C8-4C22-ADE4-787E37EC632E}.Release|Any CPU.Build.0 = Release|Any CPU
		{0D9B33E0-65C8-4C22-ADE4-787E37EC632E}.ReleaseWithTrace|Any CPU.ActiveCfg = ReleaseWithTrace|Any CPU
		{0D9B33E0-65C8-4C22-ADE4-787E37EC632E}.ReleaseWithTrace|Any CPU.Build.0 = ReleaseWithTrace|Any CPU
		{CFAD03DD-277D-417E-95CC-57D98E2C2EBF}.Debug|Any CPU.ActiveCfg = Debug|Any CPU
		{CFAD03DD-277D-417E-95CC-57D98E2C2EBF}.Debug|Any CPU.Build.0 = Debug|Any CPU
		{CFAD03DD-277D-417E-95CC-57D98E2C2EBF}.Release|Any CPU.ActiveCfg = Release|Any CPU
		{CFAD03DD-277D-417E-95CC-57D98E2C2EBF}.Release|Any CPU.Build.0 = Release|Any CPU
		{CFAD03DD-277D-417E-95CC-57D98E2C2EBF}.ReleaseWithTrace|Any CPU.ActiveCfg = ReleaseWithTrace|Any CPU
		{CFAD03DD-277D-417E-95CC-57D98E2C2EBF}.ReleaseWithTrace|Any CPU.Build.0 = ReleaseWithTrace|Any CPU
		{10DC5525-66C4-4FC6-8B41-B0C96E94632B}.Debug|Any CPU.ActiveCfg = Debug|Any CPU
		{10DC5525-66C4-4FC6-8B41-B0C96E94632B}.Debug|Any CPU.Build.0 = Debug|Any CPU
		{10DC5525-66C4-4FC6-8B41-B0C96E94632B}.Release|Any CPU.ActiveCfg = Release|Any CPU
		{10DC5525-66C4-4FC6-8B41-B0C96E94632B}.Release|Any CPU.Build.0 = Release|Any CPU
		{10DC5525-66C4-4FC6-8B41-B0C96E94632B}.ReleaseWithTrace|Any CPU.ActiveCfg = ReleaseWithTrace|Any CPU
		{10DC5525-66C4-4FC6-8B41-B0C96E94632B}.ReleaseWithTrace|Any CPU.Build.0 = ReleaseWithTrace|Any CPU
		{FC73DB9F-64DD-4D44-B68C-F3767AA6A337}.Debug|Any CPU.ActiveCfg = Debug|Any CPU
		{FC73DB9F-64DD-4D44-B68C-F3767AA6A337}.Debug|Any CPU.Build.0 = Debug|Any CPU
		{FC73DB9F-64DD-4D44-B68C-F3767AA6A337}.Release|Any CPU.ActiveCfg = Release|Any CPU
		{FC73DB9F-64DD-4D44-B68C-F3767AA6A337}.Release|Any CPU.Build.0 = Release|Any CPU
		{FC73DB9F-64DD-4D44-B68C-F3767AA6A337}.ReleaseWithTrace|Any CPU.ActiveCfg = ReleaseWithTrace|Any CPU
		{FC73DB9F-64DD-4D44-B68C-F3767AA6A337}.ReleaseWithTrace|Any CPU.Build.0 = ReleaseWithTrace|Any CPU
		{B8DDB1DA-F124-4DF3-9497-2927F73B678D}.Debug|Any CPU.ActiveCfg = Debug|Any CPU
		{B8DDB1DA-F124-4DF3-9497-2927F73B678D}.Debug|Any CPU.Build.0 = Debug|Any CPU
		{B8DDB1DA-F124-4DF3-9497-2927F73B678D}.Release|Any CPU.ActiveCfg = Release|Any CPU
		{B8DDB1DA-F124-4DF3-9497-2927F73B678D}.Release|Any CPU.Build.0 = Release|Any CPU
		{B8DDB1DA-F124-4DF3-9497-2927F73B678D}.ReleaseWithTrace|Any CPU.ActiveCfg = ReleaseWithTrace|Any CPU
		{B8DDB1DA-F124-4DF3-9497-2927F73B678D}.ReleaseWithTrace|Any CPU.Build.0 = ReleaseWithTrace|Any CPU
		{37605D6E-FF53-4E67-84EF-C4A02EE322AF}.Debug|Any CPU.ActiveCfg = Debug|Any CPU
		{37605D6E-FF53-4E67-84EF-C4A02EE322AF}.Debug|Any CPU.Build.0 = Debug|Any CPU
		{37605D6E-FF53-4E67-84EF-C4A02EE322AF}.Release|Any CPU.ActiveCfg = Release|Any CPU
		{37605D6E-FF53-4E67-84EF-C4A02EE322AF}.Release|Any CPU.Build.0 = Release|Any CPU
		{37605D6E-FF53-4E67-84EF-C4A02EE322AF}.ReleaseWithTrace|Any CPU.ActiveCfg = ReleaseWithTrace|Any CPU
		{37605D6E-FF53-4E67-84EF-C4A02EE322AF}.ReleaseWithTrace|Any CPU.Build.0 = ReleaseWithTrace|Any CPU
		{A9F0F4DF-94D3-49F4-8A47-7768D9D49950}.Debug|Any CPU.ActiveCfg = Debug|Any CPU
		{A9F0F4DF-94D3-49F4-8A47-7768D9D49950}.Debug|Any CPU.Build.0 = Debug|Any CPU
		{A9F0F4DF-94D3-49F4-8A47-7768D9D49950}.Release|Any CPU.ActiveCfg = Release|Any CPU
		{A9F0F4DF-94D3-49F4-8A47-7768D9D49950}.Release|Any CPU.Build.0 = Release|Any CPU
		{A9F0F4DF-94D3-49F4-8A47-7768D9D49950}.ReleaseWithTrace|Any CPU.ActiveCfg = ReleaseWithTrace|Any CPU
		{A9F0F4DF-94D3-49F4-8A47-7768D9D49950}.ReleaseWithTrace|Any CPU.Build.0 = ReleaseWithTrace|Any CPU
		{188F4E57-4E95-429E-A844-A3655200A393}.Debug|Any CPU.ActiveCfg = Debug|Any CPU
		{188F4E57-4E95-429E-A844-A3655200A393}.Debug|Any CPU.Build.0 = Debug|Any CPU
		{188F4E57-4E95-429E-A844-A3655200A393}.Release|Any CPU.ActiveCfg = Release|Any CPU
		{188F4E57-4E95-429E-A844-A3655200A393}.Release|Any CPU.Build.0 = Release|Any CPU
		{188F4E57-4E95-429E-A844-A3655200A393}.ReleaseWithTrace|Any CPU.ActiveCfg = ReleaseWithTrace|Any CPU
		{188F4E57-4E95-429E-A844-A3655200A393}.ReleaseWithTrace|Any CPU.Build.0 = ReleaseWithTrace|Any CPU
		{CECCF4F9-C220-4F5E-88F0-FEF8CCB7D2BA}.Debug|Any CPU.ActiveCfg = Debug|Any CPU
		{CECCF4F9-C220-4F5E-88F0-FEF8CCB7D2BA}.Debug|Any CPU.Build.0 = Debug|Any CPU
		{CECCF4F9-C220-4F5E-88F0-FEF8CCB7D2BA}.Release|Any CPU.ActiveCfg = Release|Any CPU
		{CECCF4F9-C220-4F5E-88F0-FEF8CCB7D2BA}.Release|Any CPU.Build.0 = Release|Any CPU
		{CECCF4F9-C220-4F5E-88F0-FEF8CCB7D2BA}.ReleaseWithTrace|Any CPU.ActiveCfg = ReleaseWithTrace|Any CPU
		{CECCF4F9-C220-4F5E-88F0-FEF8CCB7D2BA}.ReleaseWithTrace|Any CPU.Build.0 = ReleaseWithTrace|Any CPU
		{B4259A1F-B02C-42F5-B22F-40B61C5F6823}.Debug|Any CPU.ActiveCfg = Debug|Any CPU
		{B4259A1F-B02C-42F5-B22F-40B61C5F6823}.Debug|Any CPU.Build.0 = Debug|Any CPU
		{B4259A1F-B02C-42F5-B22F-40B61C5F6823}.Release|Any CPU.ActiveCfg = Release|Any CPU
		{B4259A1F-B02C-42F5-B22F-40B61C5F6823}.Release|Any CPU.Build.0 = Release|Any CPU
		{B4259A1F-B02C-42F5-B22F-40B61C5F6823}.ReleaseWithTrace|Any CPU.ActiveCfg = ReleaseWithTrace|Any CPU
		{B4259A1F-B02C-42F5-B22F-40B61C5F6823}.ReleaseWithTrace|Any CPU.Build.0 = ReleaseWithTrace|Any CPU
		{C2FFEDF1-281F-41A1-99CA-D235C105BF7C}.Debug|Any CPU.ActiveCfg = Debug|Any CPU
		{C2FFEDF1-281F-41A1-99CA-D235C105BF7C}.Debug|Any CPU.Build.0 = Debug|Any CPU
		{C2FFEDF1-281F-41A1-99CA-D235C105BF7C}.Release|Any CPU.ActiveCfg = Release|Any CPU
		{C2FFEDF1-281F-41A1-99CA-D235C105BF7C}.Release|Any CPU.Build.0 = Release|Any CPU
		{C2FFEDF1-281F-41A1-99CA-D235C105BF7C}.ReleaseWithTrace|Any CPU.ActiveCfg = ReleaseWithTrace|Any CPU
		{C2FFEDF1-281F-41A1-99CA-D235C105BF7C}.ReleaseWithTrace|Any CPU.Build.0 = ReleaseWithTrace|Any CPU
		{F3487177-AE97-4BC5-AA1C-3E86176505B5}.Debug|Any CPU.ActiveCfg = Debug|Any CPU
		{F3487177-AE97-4BC5-AA1C-3E86176505B5}.Debug|Any CPU.Build.0 = Debug|Any CPU
		{F3487177-AE97-4BC5-AA1C-3E86176505B5}.Release|Any CPU.ActiveCfg = Release|Any CPU
		{F3487177-AE97-4BC5-AA1C-3E86176505B5}.Release|Any CPU.Build.0 = Release|Any CPU
		{F3487177-AE97-4BC5-AA1C-3E86176505B5}.ReleaseWithTrace|Any CPU.ActiveCfg = ReleaseWithTrace|Any CPU
		{F3487177-AE97-4BC5-AA1C-3E86176505B5}.ReleaseWithTrace|Any CPU.Build.0 = ReleaseWithTrace|Any CPU
		{16742D2A-7546-4534-884D-F386A09DCB3B}.Debug|Any CPU.ActiveCfg = Debug|Any CPU
		{16742D2A-7546-4534-884D-F386A09DCB3B}.Debug|Any CPU.Build.0 = Debug|Any CPU
		{16742D2A-7546-4534-884D-F386A09DCB3B}.Release|Any CPU.ActiveCfg = Release|Any CPU
		{16742D2A-7546-4534-884D-F386A09DCB3B}.Release|Any CPU.Build.0 = Release|Any CPU
		{16742D2A-7546-4534-884D-F386A09DCB3B}.ReleaseWithTrace|Any CPU.ActiveCfg = ReleaseWithTrace|Any CPU
		{16742D2A-7546-4534-884D-F386A09DCB3B}.ReleaseWithTrace|Any CPU.Build.0 = ReleaseWithTrace|Any CPU
		{D0E1AD43-554A-40F9-8F35-324A1A1612B7}.Debug|Any CPU.ActiveCfg = Debug|Any CPU
		{D0E1AD43-554A-40F9-8F35-324A1A1612B7}.Debug|Any CPU.Build.0 = Debug|Any CPU
		{D0E1AD43-554A-40F9-8F35-324A1A1612B7}.Release|Any CPU.ActiveCfg = Release|Any CPU
		{D0E1AD43-554A-40F9-8F35-324A1A1612B7}.Release|Any CPU.Build.0 = Release|Any CPU
		{D0E1AD43-554A-40F9-8F35-324A1A1612B7}.ReleaseWithTrace|Any CPU.ActiveCfg = ReleaseWithTrace|Any CPU
		{D0E1AD43-554A-40F9-8F35-324A1A1612B7}.ReleaseWithTrace|Any CPU.Build.0 = ReleaseWithTrace|Any CPU
		{87896186-203D-4A81-A1D9-01552470BB0F}.Debug|Any CPU.ActiveCfg = Debug|Any CPU
		{87896186-203D-4A81-A1D9-01552470BB0F}.Debug|Any CPU.Build.0 = Debug|Any CPU
		{87896186-203D-4A81-A1D9-01552470BB0F}.Release|Any CPU.ActiveCfg = Release|Any CPU
		{87896186-203D-4A81-A1D9-01552470BB0F}.Release|Any CPU.Build.0 = Release|Any CPU
		{87896186-203D-4A81-A1D9-01552470BB0F}.ReleaseWithTrace|Any CPU.ActiveCfg = ReleaseWithTrace|Any CPU
		{87896186-203D-4A81-A1D9-01552470BB0F}.ReleaseWithTrace|Any CPU.Build.0 = ReleaseWithTrace|Any CPU
		{1E2256BE-F4B2-4519-AE66-A314CF7799A8}.Debug|Any CPU.ActiveCfg = Debug|Any CPU
		{1E2256BE-F4B2-4519-AE66-A314CF7799A8}.Debug|Any CPU.Build.0 = Debug|Any CPU
		{1E2256BE-F4B2-4519-AE66-A314CF7799A8}.Release|Any CPU.ActiveCfg = Release|Any CPU
		{1E2256BE-F4B2-4519-AE66-A314CF7799A8}.Release|Any CPU.Build.0 = Release|Any CPU
		{1E2256BE-F4B2-4519-AE66-A314CF7799A8}.ReleaseWithTrace|Any CPU.ActiveCfg = ReleaseWithTrace|Any CPU
		{1E2256BE-F4B2-4519-AE66-A314CF7799A8}.ReleaseWithTrace|Any CPU.Build.0 = ReleaseWithTrace|Any CPU
		{9D765FA6-44DB-4A1E-8886-D2FEFF8DCA13}.Debug|Any CPU.ActiveCfg = Debug|Any CPU
		{9D765FA6-44DB-4A1E-8886-D2FEFF8DCA13}.Debug|Any CPU.Build.0 = Debug|Any CPU
		{9D765FA6-44DB-4A1E-8886-D2FEFF8DCA13}.Release|Any CPU.ActiveCfg = Release|Any CPU
		{9D765FA6-44DB-4A1E-8886-D2FEFF8DCA13}.Release|Any CPU.Build.0 = Release|Any CPU
		{9D765FA6-44DB-4A1E-8886-D2FEFF8DCA13}.ReleaseWithTrace|Any CPU.ActiveCfg = ReleaseWithTrace|Any CPU
		{9D765FA6-44DB-4A1E-8886-D2FEFF8DCA13}.ReleaseWithTrace|Any CPU.Build.0 = ReleaseWithTrace|Any CPU
		{D925C274-C957-4781-B549-C120AA1D9DBD}.Debug|Any CPU.ActiveCfg = Debug|Any CPU
		{D925C274-C957-4781-B549-C120AA1D9DBD}.Debug|Any CPU.Build.0 = Debug|Any CPU
		{D925C274-C957-4781-B549-C120AA1D9DBD}.Release|Any CPU.ActiveCfg = Release|Any CPU
		{D925C274-C957-4781-B549-C120AA1D9DBD}.Release|Any CPU.Build.0 = Release|Any CPU
		{D925C274-C957-4781-B549-C120AA1D9DBD}.ReleaseWithTrace|Any CPU.ActiveCfg = ReleaseWithTrace|Any CPU
		{D925C274-C957-4781-B549-C120AA1D9DBD}.ReleaseWithTrace|Any CPU.Build.0 = ReleaseWithTrace|Any CPU
		{0A955373-6DDF-4EC5-B6BC-F9525D4BADDF}.Debug|Any CPU.ActiveCfg = Debug|Any CPU
		{0A955373-6DDF-4EC5-B6BC-F9525D4BADDF}.Debug|Any CPU.Build.0 = Debug|Any CPU
		{0A955373-6DDF-4EC5-B6BC-F9525D4BADDF}.Release|Any CPU.ActiveCfg = Release|Any CPU
		{0A955373-6DDF-4EC5-B6BC-F9525D4BADDF}.Release|Any CPU.Build.0 = Release|Any CPU
		{0A955373-6DDF-4EC5-B6BC-F9525D4BADDF}.ReleaseWithTrace|Any CPU.ActiveCfg = ReleaseWithTrace|Any CPU
		{0A955373-6DDF-4EC5-B6BC-F9525D4BADDF}.ReleaseWithTrace|Any CPU.Build.0 = ReleaseWithTrace|Any CPU
		{2854F171-F406-4731-8C11-137E9284262B}.Debug|Any CPU.ActiveCfg = Debug|Any CPU
		{2854F171-F406-4731-8C11-137E9284262B}.Debug|Any CPU.Build.0 = Debug|Any CPU
		{2854F171-F406-4731-8C11-137E9284262B}.Release|Any CPU.ActiveCfg = Release|Any CPU
		{2854F171-F406-4731-8C11-137E9284262B}.Release|Any CPU.Build.0 = Release|Any CPU
		{2854F171-F406-4731-8C11-137E9284262B}.ReleaseWithTrace|Any CPU.ActiveCfg = ReleaseWithTrace|Any CPU
		{2854F171-F406-4731-8C11-137E9284262B}.ReleaseWithTrace|Any CPU.Build.0 = ReleaseWithTrace|Any CPU
		{0A301C4A-9886-48E9-AA39-085D07E66482}.Debug|Any CPU.ActiveCfg = Debug|Any CPU
		{0A301C4A-9886-48E9-AA39-085D07E66482}.Release|Any CPU.ActiveCfg = Release|Any CPU
		{0A301C4A-9886-48E9-AA39-085D07E66482}.ReleaseWithTrace|Any CPU.ActiveCfg = ReleaseWithTrace|Any CPU
		{B0403790-9BEE-4EC7-979A-5895E151B9BC}.Debug|Any CPU.ActiveCfg = Debug|Any CPU
		{B0403790-9BEE-4EC7-979A-5895E151B9BC}.Release|Any CPU.ActiveCfg = Release|Any CPU
		{B0403790-9BEE-4EC7-979A-5895E151B9BC}.ReleaseWithTrace|Any CPU.ActiveCfg = ReleaseWithTrace|Any CPU
		{8A63A936-C8E4-4F9D-9947-8250C1B6C89A}.Debug|Any CPU.ActiveCfg = Debug|Any CPU
		{8A63A936-C8E4-4F9D-9947-8250C1B6C89A}.Debug|Any CPU.Build.0 = Debug|Any CPU
		{8A63A936-C8E4-4F9D-9947-8250C1B6C89A}.Release|Any CPU.ActiveCfg = Release|Any CPU
		{8A63A936-C8E4-4F9D-9947-8250C1B6C89A}.Release|Any CPU.Build.0 = Release|Any CPU
		{8A63A936-C8E4-4F9D-9947-8250C1B6C89A}.ReleaseWithTrace|Any CPU.ActiveCfg = ReleaseWithTrace|Any CPU
		{8A63A936-C8E4-4F9D-9947-8250C1B6C89A}.ReleaseWithTrace|Any CPU.Build.0 = ReleaseWithTrace|Any CPU
		{00FCB3BE-0952-49EB-BA52-085FF40AA916}.Debug|Any CPU.ActiveCfg = Debug|Any CPU
		{00FCB3BE-0952-49EB-BA52-085FF40AA916}.Debug|Any CPU.Build.0 = Debug|Any CPU
		{00FCB3BE-0952-49EB-BA52-085FF40AA916}.Release|Any CPU.ActiveCfg = Release|Any CPU
		{00FCB3BE-0952-49EB-BA52-085FF40AA916}.Release|Any CPU.Build.0 = Release|Any CPU
		{00FCB3BE-0952-49EB-BA52-085FF40AA916}.ReleaseWithTrace|Any CPU.ActiveCfg = ReleaseWithTrace|Any CPU
		{00FCB3BE-0952-49EB-BA52-085FF40AA916}.ReleaseWithTrace|Any CPU.Build.0 = ReleaseWithTrace|Any CPU
		{74108D0E-5022-43AF-B859-E47E5D09B40F}.Debug|Any CPU.ActiveCfg = Debug|Any CPU
		{74108D0E-5022-43AF-B859-E47E5D09B40F}.Debug|Any CPU.Build.0 = Debug|Any CPU
		{74108D0E-5022-43AF-B859-E47E5D09B40F}.Release|Any CPU.ActiveCfg = Release|Any CPU
		{74108D0E-5022-43AF-B859-E47E5D09B40F}.Release|Any CPU.Build.0 = Release|Any CPU
		{74108D0E-5022-43AF-B859-E47E5D09B40F}.ReleaseWithTrace|Any CPU.ActiveCfg = ReleaseWithTrace|Any CPU
		{74108D0E-5022-43AF-B859-E47E5D09B40F}.ReleaseWithTrace|Any CPU.Build.0 = ReleaseWithTrace|Any CPU
		{1DEE66E8-EF9D-40F7-9945-9CD55EF24D6D}.Debug|Any CPU.ActiveCfg = Debug|Any CPU
		{1DEE66E8-EF9D-40F7-9945-9CD55EF24D6D}.Debug|Any CPU.Build.0 = Debug|Any CPU
		{1DEE66E8-EF9D-40F7-9945-9CD55EF24D6D}.Release|Any CPU.ActiveCfg = Release|Any CPU
		{1DEE66E8-EF9D-40F7-9945-9CD55EF24D6D}.Release|Any CPU.Build.0 = Release|Any CPU
		{1DEE66E8-EF9D-40F7-9945-9CD55EF24D6D}.ReleaseWithTrace|Any CPU.ActiveCfg = ReleaseWithTrace|Any CPU
		{1DEE66E8-EF9D-40F7-9945-9CD55EF24D6D}.ReleaseWithTrace|Any CPU.Build.0 = ReleaseWithTrace|Any CPU
		{5F890922-C0DE-49F8-8C2C-DDE96075F2B6}.Debug|Any CPU.ActiveCfg = Debug|Any CPU
		{5F890922-C0DE-49F8-8C2C-DDE96075F2B6}.Debug|Any CPU.Build.0 = Debug|Any CPU
		{5F890922-C0DE-49F8-8C2C-DDE96075F2B6}.Release|Any CPU.ActiveCfg = Release|Any CPU
		{5F890922-C0DE-49F8-8C2C-DDE96075F2B6}.Release|Any CPU.Build.0 = Release|Any CPU
		{5F890922-C0DE-49F8-8C2C-DDE96075F2B6}.ReleaseWithTrace|Any CPU.ActiveCfg = ReleaseWithTrace|Any CPU
		{5F890922-C0DE-49F8-8C2C-DDE96075F2B6}.ReleaseWithTrace|Any CPU.Build.0 = ReleaseWithTrace|Any CPU
		{1708871D-1637-45B9-B445-EF33C0D0E797}.Debug|Any CPU.ActiveCfg = Debug|Any CPU
		{1708871D-1637-45B9-B445-EF33C0D0E797}.Debug|Any CPU.Build.0 = Debug|Any CPU
		{1708871D-1637-45B9-B445-EF33C0D0E797}.Release|Any CPU.ActiveCfg = Release|Any CPU
		{1708871D-1637-45B9-B445-EF33C0D0E797}.Release|Any CPU.Build.0 = Release|Any CPU
		{1708871D-1637-45B9-B445-EF33C0D0E797}.ReleaseWithTrace|Any CPU.ActiveCfg = ReleaseWithTrace|Any CPU
		{1708871D-1637-45B9-B445-EF33C0D0E797}.ReleaseWithTrace|Any CPU.Build.0 = ReleaseWithTrace|Any CPU
		{D2B7949E-9A50-435A-977F-0B81FA5481DE}.Debug|Any CPU.ActiveCfg = Debug|Any CPU
		{D2B7949E-9A50-435A-977F-0B81FA5481DE}.Debug|Any CPU.Build.0 = Debug|Any CPU
		{D2B7949E-9A50-435A-977F-0B81FA5481DE}.Release|Any CPU.ActiveCfg = Release|Any CPU
		{D2B7949E-9A50-435A-977F-0B81FA5481DE}.Release|Any CPU.Build.0 = Release|Any CPU
		{D2B7949E-9A50-435A-977F-0B81FA5481DE}.ReleaseWithTrace|Any CPU.ActiveCfg = ReleaseWithTrace|Any CPU
		{D2B7949E-9A50-435A-977F-0B81FA5481DE}.ReleaseWithTrace|Any CPU.Build.0 = ReleaseWithTrace|Any CPU
		{AFD8CB32-CB8B-41C0-B969-9050E3A42D8D}.Debug|Any CPU.ActiveCfg = Debug|Any CPU
		{AFD8CB32-CB8B-41C0-B969-9050E3A42D8D}.Debug|Any CPU.Build.0 = Debug|Any CPU
		{AFD8CB32-CB8B-41C0-B969-9050E3A42D8D}.Release|Any CPU.ActiveCfg = Release|Any CPU
		{AFD8CB32-CB8B-41C0-B969-9050E3A42D8D}.Release|Any CPU.Build.0 = Release|Any CPU
		{AFD8CB32-CB8B-41C0-B969-9050E3A42D8D}.ReleaseWithTrace|Any CPU.ActiveCfg = ReleaseWithTrace|Any CPU
		{AFD8CB32-CB8B-41C0-B969-9050E3A42D8D}.ReleaseWithTrace|Any CPU.Build.0 = ReleaseWithTrace|Any CPU
		{208E54AF-C24F-4235-B367-967BF9F6437B}.Debug|Any CPU.ActiveCfg = Debug|Any CPU
		{208E54AF-C24F-4235-B367-967BF9F6437B}.Debug|Any CPU.Build.0 = Debug|Any CPU
		{208E54AF-C24F-4235-B367-967BF9F6437B}.Release|Any CPU.ActiveCfg = Release|Any CPU
		{208E54AF-C24F-4235-B367-967BF9F6437B}.Release|Any CPU.Build.0 = Release|Any CPU
		{208E54AF-C24F-4235-B367-967BF9F6437B}.ReleaseWithTrace|Any CPU.ActiveCfg = ReleaseWithTrace|Any CPU
		{208E54AF-C24F-4235-B367-967BF9F6437B}.ReleaseWithTrace|Any CPU.Build.0 = ReleaseWithTrace|Any CPU
		{A595E0FD-8147-4032-BDD6-14C979AD97CC}.Debug|Any CPU.ActiveCfg = Debug|Any CPU
		{A595E0FD-8147-4032-BDD6-14C979AD97CC}.Debug|Any CPU.Build.0 = Debug|Any CPU
		{A595E0FD-8147-4032-BDD6-14C979AD97CC}.Release|Any CPU.ActiveCfg = Release|Any CPU
		{A595E0FD-8147-4032-BDD6-14C979AD97CC}.Release|Any CPU.Build.0 = Release|Any CPU
		{A595E0FD-8147-4032-BDD6-14C979AD97CC}.ReleaseWithTrace|Any CPU.ActiveCfg = ReleaseWithTrace|Any CPU
		{A595E0FD-8147-4032-BDD6-14C979AD97CC}.ReleaseWithTrace|Any CPU.Build.0 = ReleaseWithTrace|Any CPU
		{8B279210-31CE-465E-AC71-9CD0DA6022AF}.Debug|Any CPU.ActiveCfg = Debug|Any CPU
		{8B279210-31CE-465E-AC71-9CD0DA6022AF}.Debug|Any CPU.Build.0 = Debug|Any CPU
		{8B279210-31CE-465E-AC71-9CD0DA6022AF}.Release|Any CPU.ActiveCfg = Release|Any CPU
		{8B279210-31CE-465E-AC71-9CD0DA6022AF}.Release|Any CPU.Build.0 = Release|Any CPU
		{8B279210-31CE-465E-AC71-9CD0DA6022AF}.ReleaseWithTrace|Any CPU.ActiveCfg = ReleaseWithTrace|Any CPU
		{8B279210-31CE-465E-AC71-9CD0DA6022AF}.ReleaseWithTrace|Any CPU.Build.0 = ReleaseWithTrace|Any CPU
		{DDEB89DE-C07E-4759-9A57-364109B70B6D}.Debug|Any CPU.ActiveCfg = Debug|Any CPU
		{DDEB89DE-C07E-4759-9A57-364109B70B6D}.Debug|Any CPU.Build.0 = Debug|Any CPU
		{DDEB89DE-C07E-4759-9A57-364109B70B6D}.Release|Any CPU.ActiveCfg = Release|Any CPU
		{DDEB89DE-C07E-4759-9A57-364109B70B6D}.Release|Any CPU.Build.0 = Release|Any CPU
		{DDEB89DE-C07E-4759-9A57-364109B70B6D}.ReleaseWithTrace|Any CPU.ActiveCfg = ReleaseWithTrace|Any CPU
		{DDEB89DE-C07E-4759-9A57-364109B70B6D}.ReleaseWithTrace|Any CPU.Build.0 = ReleaseWithTrace|Any CPU
		{8EB36189-3E85-45EB-954A-58B4043DE356}.Debug|Any CPU.ActiveCfg = Debug|Any CPU
		{8EB36189-3E85-45EB-954A-58B4043DE356}.Debug|Any CPU.Build.0 = Debug|Any CPU
		{8EB36189-3E85-45EB-954A-58B4043DE356}.Release|Any CPU.ActiveCfg = Release|Any CPU
		{8EB36189-3E85-45EB-954A-58B4043DE356}.Release|Any CPU.Build.0 = Release|Any CPU
		{8EB36189-3E85-45EB-954A-58B4043DE356}.ReleaseWithTrace|Any CPU.ActiveCfg = ReleaseWithTrace|Any CPU
		{8EB36189-3E85-45EB-954A-58B4043DE356}.ReleaseWithTrace|Any CPU.Build.0 = ReleaseWithTrace|Any CPU
		{CB30C9BA-A2F2-45A6-9A4A-E19CD7560768}.Debug|Any CPU.ActiveCfg = Debug|Any CPU
		{CB30C9BA-A2F2-45A6-9A4A-E19CD7560768}.Debug|Any CPU.Build.0 = Debug|Any CPU
		{CB30C9BA-A2F2-45A6-9A4A-E19CD7560768}.Release|Any CPU.ActiveCfg = Release|Any CPU
		{CB30C9BA-A2F2-45A6-9A4A-E19CD7560768}.Release|Any CPU.Build.0 = Release|Any CPU
		{CB30C9BA-A2F2-45A6-9A4A-E19CD7560768}.ReleaseWithTrace|Any CPU.ActiveCfg = ReleaseWithTrace|Any CPU
		{CB30C9BA-A2F2-45A6-9A4A-E19CD7560768}.ReleaseWithTrace|Any CPU.Build.0 = ReleaseWithTrace|Any CPU
		{EE877675-2FB7-416D-AE38-E3B5E4292251}.Debug|Any CPU.ActiveCfg = Debug|Any CPU
		{EE877675-2FB7-416D-AE38-E3B5E4292251}.Debug|Any CPU.Build.0 = Debug|Any CPU
		{EE877675-2FB7-416D-AE38-E3B5E4292251}.Release|Any CPU.ActiveCfg = Release|Any CPU
		{EE877675-2FB7-416D-AE38-E3B5E4292251}.Release|Any CPU.Build.0 = Release|Any CPU
		{EE877675-2FB7-416D-AE38-E3B5E4292251}.ReleaseWithTrace|Any CPU.ActiveCfg = ReleaseWithTrace|Any CPU
		{EE877675-2FB7-416D-AE38-E3B5E4292251}.ReleaseWithTrace|Any CPU.Build.0 = ReleaseWithTrace|Any CPU
		{E3B52A78-D799-4C07-80E2-F7E06D6D3377}.Debug|Any CPU.ActiveCfg = Debug|Any CPU
		{E3B52A78-D799-4C07-80E2-F7E06D6D3377}.Debug|Any CPU.Build.0 = Debug|Any CPU
		{E3B52A78-D799-4C07-80E2-F7E06D6D3377}.Release|Any CPU.ActiveCfg = Release|Any CPU
		{E3B52A78-D799-4C07-80E2-F7E06D6D3377}.Release|Any CPU.Build.0 = Release|Any CPU
		{E3B52A78-D799-4C07-80E2-F7E06D6D3377}.ReleaseWithTrace|Any CPU.ActiveCfg = ReleaseWithTrace|Any CPU
		{E3B52A78-D799-4C07-80E2-F7E06D6D3377}.ReleaseWithTrace|Any CPU.Build.0 = ReleaseWithTrace|Any CPU
		{DE16D68A-42DE-46F2-8A18-E9A1EC72678E}.Debug|Any CPU.ActiveCfg = Debug|Any CPU
		{DE16D68A-42DE-46F2-8A18-E9A1EC72678E}.Debug|Any CPU.Build.0 = Debug|Any CPU
		{DE16D68A-42DE-46F2-8A18-E9A1EC72678E}.Release|Any CPU.ActiveCfg = Release|Any CPU
		{DE16D68A-42DE-46F2-8A18-E9A1EC72678E}.Release|Any CPU.Build.0 = Release|Any CPU
		{DE16D68A-42DE-46F2-8A18-E9A1EC72678E}.ReleaseWithTrace|Any CPU.ActiveCfg = ReleaseWithTrace|Any CPU
		{DE16D68A-42DE-46F2-8A18-E9A1EC72678E}.ReleaseWithTrace|Any CPU.Build.0 = ReleaseWithTrace|Any CPU
		{2AAC7546-88A5-4F9D-B0C8-FBA851E6A50E}.Debug|Any CPU.ActiveCfg = Debug|Any CPU
		{2AAC7546-88A5-4F9D-B0C8-FBA851E6A50E}.Debug|Any CPU.Build.0 = Debug|Any CPU
		{2AAC7546-88A5-4F9D-B0C8-FBA851E6A50E}.Release|Any CPU.ActiveCfg = Release|Any CPU
		{2AAC7546-88A5-4F9D-B0C8-FBA851E6A50E}.Release|Any CPU.Build.0 = Release|Any CPU
		{2AAC7546-88A5-4F9D-B0C8-FBA851E6A50E}.ReleaseWithTrace|Any CPU.ActiveCfg = ReleaseWithTrace|Any CPU
		{2AAC7546-88A5-4F9D-B0C8-FBA851E6A50E}.ReleaseWithTrace|Any CPU.Build.0 = ReleaseWithTrace|Any CPU
		{D27ADDC5-684F-46D3-BE9E-5488559A53A3}.Debug|Any CPU.ActiveCfg = Debug|Any CPU
		{D27ADDC5-684F-46D3-BE9E-5488559A53A3}.Debug|Any CPU.Build.0 = Debug|Any CPU
		{D27ADDC5-684F-46D3-BE9E-5488559A53A3}.Release|Any CPU.ActiveCfg = Release|Any CPU
		{D27ADDC5-684F-46D3-BE9E-5488559A53A3}.Release|Any CPU.Build.0 = Release|Any CPU
		{D27ADDC5-684F-46D3-BE9E-5488559A53A3}.ReleaseWithTrace|Any CPU.ActiveCfg = ReleaseWithTrace|Any CPU
		{D27ADDC5-684F-46D3-BE9E-5488559A53A3}.ReleaseWithTrace|Any CPU.Build.0 = ReleaseWithTrace|Any CPU
		{30343D72-3E63-43ED-AB2B-822489629DA2}.Debug|Any CPU.ActiveCfg = Debug|Any CPU
		{30343D72-3E63-43ED-AB2B-822489629DA2}.Debug|Any CPU.Build.0 = Debug|Any CPU
		{30343D72-3E63-43ED-AB2B-822489629DA2}.Release|Any CPU.ActiveCfg = Release|Any CPU
		{30343D72-3E63-43ED-AB2B-822489629DA2}.Release|Any CPU.Build.0 = Release|Any CPU
		{30343D72-3E63-43ED-AB2B-822489629DA2}.ReleaseWithTrace|Any CPU.ActiveCfg = ReleaseWithTrace|Any CPU
		{30343D72-3E63-43ED-AB2B-822489629DA2}.ReleaseWithTrace|Any CPU.Build.0 = ReleaseWithTrace|Any CPU
		{B2A4723B-52AB-4C25-B9DB-EDBC55E0FE02}.Debug|Any CPU.ActiveCfg = Debug|Any CPU
		{B2A4723B-52AB-4C25-B9DB-EDBC55E0FE02}.Debug|Any CPU.Build.0 = Debug|Any CPU
		{B2A4723B-52AB-4C25-B9DB-EDBC55E0FE02}.Release|Any CPU.ActiveCfg = Release|Any CPU
		{B2A4723B-52AB-4C25-B9DB-EDBC55E0FE02}.Release|Any CPU.Build.0 = Release|Any CPU
		{B2A4723B-52AB-4C25-B9DB-EDBC55E0FE02}.ReleaseWithTrace|Any CPU.ActiveCfg = ReleaseWithTrace|Any CPU
		{B2A4723B-52AB-4C25-B9DB-EDBC55E0FE02}.ReleaseWithTrace|Any CPU.Build.0 = ReleaseWithTrace|Any CPU
		{80D10EB6-52BE-40A4-8B98-09BC84C5D7D8}.Debug|Any CPU.ActiveCfg = Debug|Any CPU
		{80D10EB6-52BE-40A4-8B98-09BC84C5D7D8}.Debug|Any CPU.Build.0 = Debug|Any CPU
		{80D10EB6-52BE-40A4-8B98-09BC84C5D7D8}.Release|Any CPU.ActiveCfg = Release|Any CPU
		{80D10EB6-52BE-40A4-8B98-09BC84C5D7D8}.Release|Any CPU.Build.0 = Release|Any CPU
		{80D10EB6-52BE-40A4-8B98-09BC84C5D7D8}.ReleaseWithTrace|Any CPU.ActiveCfg = ReleaseWithTrace|Any CPU
		{80D10EB6-52BE-40A4-8B98-09BC84C5D7D8}.ReleaseWithTrace|Any CPU.Build.0 = ReleaseWithTrace|Any CPU
		{97867737-350F-45A2-9888-AAE28086D3A2}.Debug|Any CPU.ActiveCfg = Debug|Any CPU
		{97867737-350F-45A2-9888-AAE28086D3A2}.Debug|Any CPU.Build.0 = Debug|Any CPU
		{97867737-350F-45A2-9888-AAE28086D3A2}.Release|Any CPU.ActiveCfg = Release|Any CPU
		{97867737-350F-45A2-9888-AAE28086D3A2}.Release|Any CPU.Build.0 = Release|Any CPU
		{97867737-350F-45A2-9888-AAE28086D3A2}.ReleaseWithTrace|Any CPU.ActiveCfg = ReleaseWithTrace|Any CPU
		{97867737-350F-45A2-9888-AAE28086D3A2}.ReleaseWithTrace|Any CPU.Build.0 = ReleaseWithTrace|Any CPU
		{6ED198E7-653B-4454-BBC3-E341593F6065}.Debug|Any CPU.ActiveCfg = Debug|Any CPU
		{6ED198E7-653B-4454-BBC3-E341593F6065}.Debug|Any CPU.Build.0 = Debug|Any CPU
		{6ED198E7-653B-4454-BBC3-E341593F6065}.Release|Any CPU.ActiveCfg = Release|Any CPU
		{6ED198E7-653B-4454-BBC3-E341593F6065}.Release|Any CPU.Build.0 = Release|Any CPU
		{6ED198E7-653B-4454-BBC3-E341593F6065}.ReleaseWithTrace|Any CPU.ActiveCfg = Debug|Any CPU
		{6ED198E7-653B-4454-BBC3-E341593F6065}.ReleaseWithTrace|Any CPU.Build.0 = Debug|Any CPU
		{1A921845-35F7-454E-99BE-573326CB5D31}.Debug|Any CPU.ActiveCfg = Debug|Any CPU
		{1A921845-35F7-454E-99BE-573326CB5D31}.Debug|Any CPU.Build.0 = Debug|Any CPU
		{1A921845-35F7-454E-99BE-573326CB5D31}.Release|Any CPU.ActiveCfg = Release|Any CPU
		{1A921845-35F7-454E-99BE-573326CB5D31}.Release|Any CPU.Build.0 = Release|Any CPU
		{1A921845-35F7-454E-99BE-573326CB5D31}.ReleaseWithTrace|Any CPU.ActiveCfg = ReleaseWithTrace|Any CPU
		{1A921845-35F7-454E-99BE-573326CB5D31}.ReleaseWithTrace|Any CPU.Build.0 = ReleaseWithTrace|Any CPU
		{F9F36BF6-B652-41DF-8F81-D67E35FCEF3C}.Debug|Any CPU.ActiveCfg = Debug|Any CPU
		{F9F36BF6-B652-41DF-8F81-D67E35FCEF3C}.Debug|Any CPU.Build.0 = Debug|Any CPU
		{F9F36BF6-B652-41DF-8F81-D67E35FCEF3C}.Release|Any CPU.ActiveCfg = Release|Any CPU
		{F9F36BF6-B652-41DF-8F81-D67E35FCEF3C}.Release|Any CPU.Build.0 = Release|Any CPU
		{F9F36BF6-B652-41DF-8F81-D67E35FCEF3C}.ReleaseWithTrace|Any CPU.ActiveCfg = ReleaseWithTrace|Any CPU
		{F9F36BF6-B652-41DF-8F81-D67E35FCEF3C}.ReleaseWithTrace|Any CPU.Build.0 = ReleaseWithTrace|Any CPU
		{43055EF2-D3E2-44A1-8F65-C7A6779F8437}.Debug|Any CPU.ActiveCfg = Debug|Any CPU
		{43055EF2-D3E2-44A1-8F65-C7A6779F8437}.Debug|Any CPU.Build.0 = Debug|Any CPU
		{43055EF2-D3E2-44A1-8F65-C7A6779F8437}.Release|Any CPU.ActiveCfg = Release|Any CPU
		{43055EF2-D3E2-44A1-8F65-C7A6779F8437}.Release|Any CPU.Build.0 = Release|Any CPU
		{43055EF2-D3E2-44A1-8F65-C7A6779F8437}.ReleaseWithTrace|Any CPU.ActiveCfg = ReleaseWithTrace|Any CPU
		{43055EF2-D3E2-44A1-8F65-C7A6779F8437}.ReleaseWithTrace|Any CPU.Build.0 = ReleaseWithTrace|Any CPU
		{CF9D47E4-D333-4805-9176-BE701F6428A2}.Debug|Any CPU.ActiveCfg = Debug|Any CPU
		{CF9D47E4-D333-4805-9176-BE701F6428A2}.Debug|Any CPU.Build.0 = Debug|Any CPU
		{CF9D47E4-D333-4805-9176-BE701F6428A2}.Release|Any CPU.ActiveCfg = Release|Any CPU
		{CF9D47E4-D333-4805-9176-BE701F6428A2}.Release|Any CPU.Build.0 = Release|Any CPU
		{CF9D47E4-D333-4805-9176-BE701F6428A2}.ReleaseWithTrace|Any CPU.ActiveCfg = ReleaseWithTrace|Any CPU
		{CF9D47E4-D333-4805-9176-BE701F6428A2}.ReleaseWithTrace|Any CPU.Build.0 = ReleaseWithTrace|Any CPU
		{B5DD19D5-1496-4207-A693-A73595B1B930}.Debug|Any CPU.ActiveCfg = Debug|Any CPU
		{B5DD19D5-1496-4207-A693-A73595B1B930}.Debug|Any CPU.Build.0 = Debug|Any CPU
		{B5DD19D5-1496-4207-A693-A73595B1B930}.Release|Any CPU.ActiveCfg = Release|Any CPU
		{B5DD19D5-1496-4207-A693-A73595B1B930}.Release|Any CPU.Build.0 = Release|Any CPU
		{B5DD19D5-1496-4207-A693-A73595B1B930}.ReleaseWithTrace|Any CPU.ActiveCfg = ReleaseWithTrace|Any CPU
		{B5DD19D5-1496-4207-A693-A73595B1B930}.ReleaseWithTrace|Any CPU.Build.0 = ReleaseWithTrace|Any CPU
		{74E8627F-CFB3-418A-8596-9B5F56A403D6}.Debug|Any CPU.ActiveCfg = Debug|Any CPU
		{74E8627F-CFB3-418A-8596-9B5F56A403D6}.Debug|Any CPU.Build.0 = Debug|Any CPU
		{74E8627F-CFB3-418A-8596-9B5F56A403D6}.Release|Any CPU.ActiveCfg = Release|Any CPU
		{74E8627F-CFB3-418A-8596-9B5F56A403D6}.Release|Any CPU.Build.0 = Release|Any CPU
		{74E8627F-CFB3-418A-8596-9B5F56A403D6}.ReleaseWithTrace|Any CPU.ActiveCfg = ReleaseWithTrace|Any CPU
		{74E8627F-CFB3-418A-8596-9B5F56A403D6}.ReleaseWithTrace|Any CPU.Build.0 = ReleaseWithTrace|Any CPU
		{F263A28D-A9F3-42C5-AFA7-9016316086CA}.Debug|Any CPU.ActiveCfg = Debug|Any CPU
		{F263A28D-A9F3-42C5-AFA7-9016316086CA}.Debug|Any CPU.Build.0 = Debug|Any CPU
		{F263A28D-A9F3-42C5-AFA7-9016316086CA}.Release|Any CPU.ActiveCfg = Release|Any CPU
		{F263A28D-A9F3-42C5-AFA7-9016316086CA}.Release|Any CPU.Build.0 = Release|Any CPU
		{F263A28D-A9F3-42C5-AFA7-9016316086CA}.ReleaseWithTrace|Any CPU.ActiveCfg = ReleaseWithTrace|Any CPU
		{F263A28D-A9F3-42C5-AFA7-9016316086CA}.ReleaseWithTrace|Any CPU.Build.0 = ReleaseWithTrace|Any CPU
	EndGlobalSection
	GlobalSection(SolutionProperties) = preSolution
		HideSolutionNode = FALSE
	EndGlobalSection
	GlobalSection(NestedProjects) = preSolution
		{E3B52A78-D799-4C07-80E2-F7E06D6D3377} = {984B3A90-8771-486E-9BC3-66D2F35963C2}
		{DE16D68A-42DE-46F2-8A18-E9A1EC72678E} = {F78E1157-C4C3-4162-8B2D-72FC45CB698E}
		{2AAC7546-88A5-4F9D-B0C8-FBA851E6A50E} = {984B3A90-8771-486E-9BC3-66D2F35963C2}
		{D27ADDC5-684F-46D3-BE9E-5488559A53A3} = {984B3A90-8771-486E-9BC3-66D2F35963C2}
		{30343D72-3E63-43ED-AB2B-822489629DA2} = {984B3A90-8771-486E-9BC3-66D2F35963C2}
		{B2A4723B-52AB-4C25-B9DB-EDBC55E0FE02} = {F78E1157-C4C3-4162-8B2D-72FC45CB698E}
		{80D10EB6-52BE-40A4-8B98-09BC84C5D7D8} = {F78E1157-C4C3-4162-8B2D-72FC45CB698E}
		{97867737-350F-45A2-9888-AAE28086D3A2} = {984B3A90-8771-486E-9BC3-66D2F35963C2}
		{6ED198E7-653B-4454-BBC3-E341593F6065} = {F78E1157-C4C3-4162-8B2D-72FC45CB698E}
		{1A921845-35F7-454E-99BE-573326CB5D31} = {F78E1157-C4C3-4162-8B2D-72FC45CB698E}
		{F9F36BF6-B652-41DF-8F81-D67E35FCEF3C} = {F78E1157-C4C3-4162-8B2D-72FC45CB698E}
		{43055EF2-D3E2-44A1-8F65-C7A6779F8437} = {F78E1157-C4C3-4162-8B2D-72FC45CB698E}
		{CF9D47E4-D333-4805-9176-BE701F6428A2} = {984B3A90-8771-486E-9BC3-66D2F35963C2}
		{B5DD19D5-1496-4207-A693-A73595B1B930} = {F78E1157-C4C3-4162-8B2D-72FC45CB698E}
		{74E8627F-CFB3-418A-8596-9B5F56A403D6} = {F78E1157-C4C3-4162-8B2D-72FC45CB698E}
		{F263A28D-A9F3-42C5-AFA7-9016316086CA} = {F78E1157-C4C3-4162-8B2D-72FC45CB698E}
	EndGlobalSection
	GlobalSection(ExtensibilityGlobals) = postSolution
		SolutionGuid = {40986DA9-E8C6-49CE-B434-BE8625798C2C}
	EndGlobalSection
EndGlobal
