{
  "name": "ATAP.Utilities",
  "lockfileVersion": 3,
  "requires": true,
  "packages": {
    "": {
      "devDependencies": {
        "@cspell/dict-csharp": "^4.0.7",
        "@cspell/dict-html": "^4.0.12",
        "@cspell/dict-markdown": "^2.0.12",
        "@cspell/dict-powershell": "^5.0.15",
        "@cspell/dict-python": "^4.2.19",
        "@cspell/dict-sql": "^2.2.1",
        "@cspell/dict-typescript": "^3.2.3"
      }
    },
    "node_modules/@cspell/dict-csharp": {
      "version": "4.0.7",
      "resolved": "https://registry.npmjs.org/@cspell/dict-csharp/-/dict-csharp-4.0.7.tgz",
      "integrity": "sha512-H16Hpu8O/1/lgijFt2lOk4/nnldFtQ4t8QHbyqphqZZVE5aS4J/zD/WvduqnLY21aKhZS6jo/xF5PX9jyqPKUA==",
      "dev": true,
      "license": "MIT"
    },
    "node_modules/@cspell/dict-css": {
      "version": "4.0.18",
      "resolved": "https://registry.npmjs.org/@cspell/dict-css/-/dict-css-4.0.18.tgz",
      "integrity": "sha512-EF77RqROHL+4LhMGW5NTeKqfUd/e4OOv6EDFQ/UQQiFyWuqkEKyEz0NDILxOFxWUEVdjT2GQ2cC7t12B6pESwg==",
      "dev": true,
      "license": "MIT",
      "peer": true
    },
    "node_modules/@cspell/dict-data-science": {
      "version": "2.0.9",
      "resolved": "https://registry.npmjs.org/@cspell/dict-data-science/-/dict-data-science-2.0.9.tgz",
      "integrity": "sha512-wTOFMlxv06veIwKdXUwdGxrQcK44Zqs426m6JGgHIB/GqvieZQC5n0UI+tUm5OCxuNyo4OV6mylT4cRMjtKtWQ==",
      "dev": true,
      "license": "MIT"
    },
    "node_modules/@cspell/dict-html": {
      "version": "4.0.12",
      "resolved": "https://registry.npmjs.org/@cspell/dict-html/-/dict-html-4.0.12.tgz",
      "integrity": "sha512-JFffQ1dDVEyJq6tCDWv0r/RqkdSnV43P2F/3jJ9rwLgdsOIXwQbXrz6QDlvQLVvNSnORH9KjDtenFTGDyzfCaA==",
      "dev": true,
      "license": "MIT"
    },
    "node_modules/@cspell/dict-html-symbol-entities": {
      "version": "4.0.4",
      "resolved": "https://registry.npmjs.org/@cspell/dict-html-symbol-entities/-/dict-html-symbol-entities-4.0.4.tgz",
      "integrity": "sha512-afea+0rGPDeOV9gdO06UW183Qg6wRhWVkgCFwiO3bDupAoyXRuvupbb5nUyqSTsLXIKL8u8uXQlJ9pkz07oVXw==",
      "dev": true,
      "license": "MIT",
      "peer": true
    },
    "node_modules/@cspell/dict-markdown": {
      "version": "2.0.12",
      "resolved": "https://registry.npmjs.org/@cspell/dict-markdown/-/dict-markdown-2.0.12.tgz",
      "integrity": "sha512-ufwoliPijAgWkD/ivAMC+A9QD895xKiJRF/fwwknQb7kt7NozTLKFAOBtXGPJAB4UjhGBpYEJVo2elQ0FCAH9A==",
      "dev": true,
      "license": "MIT",
      "peerDependencies": {
        "@cspell/dict-css": "^4.0.18",
        "@cspell/dict-html": "^4.0.12",
        "@cspell/dict-html-symbol-entities": "^4.0.4",
        "@cspell/dict-typescript": "^3.2.3"
      }
    },
    "node_modules/@cspell/dict-powershell": {
      "version": "5.0.15",
      "resolved": "https://registry.npmjs.org/@cspell/dict-powershell/-/dict-powershell-5.0.15.tgz",
      "integrity": "sha512-l4S5PAcvCFcVDMJShrYD0X6Huv9dcsQPlsVsBGbH38wvuN7gS7+GxZFAjTNxDmTY1wrNi1cCatSg6Pu2BW4rgg==",
      "dev": true,
      "license": "MIT"
    },
    "node_modules/@cspell/dict-python": {
      "version": "4.2.19",
      "resolved": "https://registry.npmjs.org/@cspell/dict-python/-/dict-python-4.2.19.tgz",
      "integrity": "sha512-9S2gTlgILp1eb6OJcVZeC8/Od83N8EqBSg5WHVpx97eMMJhifOzePkE0kDYjyHMtAFznCQTUu0iQEJohNQ5B0A==",
      "dev": true,
      "license": "MIT",
      "dependencies": {
        "@cspell/dict-data-science": "^2.0.9"
      }
    },
    "node_modules/@cspell/dict-sql": {
      "version": "2.2.1",
      "resolved": "https://registry.npmjs.org/@cspell/dict-sql/-/dict-sql-2.2.1.tgz",
      "integrity": "sha512-qDHF8MpAYCf4pWU8NKbnVGzkoxMNrFqBHyG/dgrlic5EQiKANCLELYtGlX5auIMDLmTf1inA0eNtv74tyRJ/vg==",
      "dev": true,
      "license": "MIT"
    },
    "node_modules/@cspell/dict-typescript": {
      "version": "3.2.3",
      "resolved": "https://registry.npmjs.org/@cspell/dict-typescript/-/dict-typescript-3.2.3.tgz",
      "integrity": "sha512-zXh1wYsNljQZfWWdSPYwQhpwiuW0KPW1dSd8idjMRvSD0aSvWWHoWlrMsmZeRl4qM4QCEAjua8+cjflm41cQBg==",
      "dev": true,
      "license": "MIT"
    }
  }
}
