{
  "version": 2,
  "dependencies": {
    "net10.0": {
      "Microsoft.SourceLink.GitHub": {
        "type": "Direct",
        "requested": "[8.0.0, )",
        "resolved": "8.0.0",
        "contentHash": "G5q7OqtwIyGTkeIOAc3u2ZuV/kicQaec5EaRnc0pIeSnh9LUjj+PYQrJYBURvDt7twGl2PKA7nSN0kz1Zw5bnQ==",
        "dependencies": {
          "Microsoft.Build.Tasks.Git": "8.0.0",
          "Microsoft.SourceLink.Common": "8.0.0"
        }
      },
      "Nerdbank.GitVersioning": {
        "type": "Direct",
        "requested": "[3.9.50, )",
        "resolved": "3.9.50",
        "contentHash": "HtOgGF6jZ+WYbXnCUCYPT8Y2d6mIJo9ozjK/FINTRsXdm4Zgv9GehUMa7EFoGQkqrMcDJNOIDwCmENnvXg4UbA=="
      },
      "Microsoft.Build.Tasks.Git": {
        "type": "Transitive",
        "resolved": "8.0.0",
        "contentHash": "bZKfSIKJRXLTuSzLudMFte/8CempWjVamNUR5eHJizsy+iuOuO/k2gnh7W0dHJmYY0tBf+gUErfluCv5mySAOQ=="
      },
      "Microsoft.Extensions.Primitives": {
        "type": "Transitive",
        "resolved": "9.0.0",
        "contentHash": "N3qEBzmLMYiASUlKxxFIISP4AiwuPTHF5uCh+2CWSwwzAJiIYx0kBJsS30cp1nvhSySFAVi30jecD307jV+8Kg=="
      },
      "Microsoft.SourceLink.Common": {
        "type": "Transitive",
        "resolved": "8.0.0",
        "contentHash": "dk9JPxTCIevS75HyEQ0E4OVAFhB2N+V9ShCXf8Q6FkUQZDkgLI12y679Nym1YqsiSysuQskT7Z+6nUf3yab6Vw=="
      },
      "atap.utilities.collection.extensions": {
        "type": "Project",
        "dependencies": {
          "ATAP.Utilities.ETW": "[0.1.2, )",
          "System.Reactive": "[5.0.0, )"
        }
      },
      "atap.utilities.etw": {
        "type": "Project"
      },
      "atap.utilities.serializer.interfaces": {
        "type": "Project",
        "dependencies": {
          "ATAP.Utilities.ETW": "[0.1.2, )",
          "Microsoft.Extensions.Configuration.Abstractions": "[9.0.0, )"
        }
      },
      "atap.utilities.serializer.model": {
        "type": "Project",
        "dependencies": {
          "ATAP.Utilities.ETW": "[0.1.2, )",
          "ATAP.Utilities.Serializer.Interfaces": "[1.0.0, )",
          "ATAP.Utilities.Serializer.StringConstants": "[0.1.0-Alpha, )",
          "Microsoft.Extensions.Configuration": "[9.0.0, )",
          "Microsoft.Extensions.Configuration.Binder": "[9.0.0, )",
          "Microsoft.Extensions.DependencyInjection": "[10.0.2, )"
        }
      },
      "atap.utilities.serializer.shim.newtonsoft": {
        "type": "Project",
        "dependencies": {
          "ATAP.Utilities.Collection.Extensions": "[1.0.0, )",
          "ATAP.Utilities.ETW": "[0.1.2, )",
          "ATAP.Utilities.Serializer.Interfaces": "[1.0.0, )",
          "ATAP.Utilities.Serializer.Model": "[0.1.0-Alpha, )",
          "Microsoft.Extensions.Configuration.Abstractions": "[9.0.0, )",
          "Newtonsoft.Json": "[13.0.4, )"
        }
      },
      "atap.utilities.serializer.shim.systemtextjson": {
        "type": "Project",
        "dependencies": {
          "ATAP.Utilities.Collection.Extensions": "[1.0.0, )",
          "ATAP.Utilities.ETW": "[0.1.2, )",
          "ATAP.Utilities.Serializer.Interfaces": "[1.0.0, )",
          "ATAP.Utilities.Serializer.Model": "[0.1.0-Alpha, )",
          "Microsoft.Extensions.Configuration.Abstractions": "[9.0.0, )"
        }
      },
      "atap.utilities.serializer.stringconstants": {
        "type": "Project",
        "dependencies": {
          "ATAP.Utilities.ETW": "[0.1.2, )"
        }
      },
      "Microsoft.Extensions.Configuration": {
        "type": "CentralTransitive",
        "requested": "[9.0.0, )",
        "resolved": "9.0.0",
        "contentHash": "YIMO9T3JL8MeEXgVozKt2v79hquo/EFtnY0vgxmLnUvk1Rei/halI7kOWZL2RBeV9FMGzgM9LZA8CVaNwFMaNA==",
        "dependencies": {
          "Microsoft.Extensions.Configuration.Abstractions": "9.0.0",
          "Microsoft.Extensions.Primitives": "9.0.0"
        }
      },
      "Microsoft.Extensions.Configuration.Abstractions": {
        "type": "CentralTransitive",
        "requested": "[9.0.0, )",
        "resolved": "9.0.0",
        "contentHash": "lqvd7W3FGKUO1+ZoUEMaZ5XDJeWvjpy2/M/ptCGz3tXLD4HWVaSzjufsAsjemasBEg+2SxXVtYVvGt5r2nKDlg==",
        "dependencies": {
          "Microsoft.Extensions.Primitives": "9.0.0"
        }
      },
      "Microsoft.Extensions.Configuration.Binder": {
        "type": "CentralTransitive",
        "requested": "[9.0.0, )",
        "resolved": "9.0.0",
        "contentHash": "RiScL99DcyngY9zJA2ROrri7Br8tn5N4hP4YNvGdTN/bvg1A3dwvDOxHnNZ3Im7x2SJ5i4LkX1uPiR/MfSFBLQ==",
        "dependencies": {
          "Microsoft.Extensions.Configuration.Abstractions": "9.0.0"
        }
      },
      "Microsoft.Extensions.DependencyInjection": {
        "type": "CentralTransitive",
        "requested": "[10.0.2, )",
        "resolved": "10.0.2",
        "contentHash": "J/Zmp6fY93JbaiZ11ckWvcyxMPjD6XVwIHQXBjryTBgn7O6O20HYg9uVLFcZlNfgH78MnreE/7EH+hjfzn7VyA==",
        "dependencies": {
          "Microsoft.Extensions.DependencyInjection.Abstractions": "10.0.2"
        }
      },
      "Microsoft.Extensions.DependencyInjection.Abstractions": {
        "type": "CentralTransitive",
        "requested": "[10.0.2, )",
        "resolved": "10.0.2",
        "contentHash": "zOIurr59+kUf9vNcsUkCvKWZv+fPosUZXURZesYkJCvl0EzTc9F7maAO4Cd2WEV7ZJJ0AZrFQvuH6Npph9wdBw=="
      },
      "Newtonsoft.Json": {
        "type": "CentralTransitive",
        "requested": "[13.0.4, )",
        "resolved": "13.0.4",
        "contentHash": "pdgNNMai3zv51W5aq268sujXUyx7SNdE2bj1wZcWjAQrKMFZV260lbqYop1d2GM67JI1huLRwxo9ZqnfF/lC6A=="
      },
      "System.Reactive": {
        "type": "CentralTransitive",
        "requested": "[5.0.0, )",
        "resolved": "5.0.0",
        "contentHash": "erBZjkQHWL9jpasCE/0qKAryzVBJFxGHVBAvgRN1bzM0q2s1S4oYREEEL0Vb+1kA/6BKb5FjUZMp5VXmy+gzkQ=="
      }
    },
    "net10.0/linux-x64": {},
    "net10.0/win-x64": {},
    "net8.0": {
      "Microsoft.SourceLink.GitHub": {
        "type": "Direct",
        "requested": "[8.0.0, )",
        "resolved": "8.0.0",
        "contentHash": "G5q7OqtwIyGTkeIOAc3u2ZuV/kicQaec5EaRnc0pIeSnh9LUjj+PYQrJYBURvDt7twGl2PKA7nSN0kz1Zw5bnQ==",
        "dependencies": {
          "Microsoft.Build.Tasks.Git": "8.0.0",
          "Microsoft.SourceLink.Common": "8.0.0"
        }
      },
      "Nerdbank.GitVersioning": {
        "type": "Direct",
        "requested": "[3.9.50, )",
        "resolved": "3.9.50",
        "contentHash": "HtOgGF6jZ+WYbXnCUCYPT8Y2d6mIJo9ozjK/FINTRsXdm4Zgv9GehUMa7EFoGQkqrMcDJNOIDwCmENnvXg4UbA=="
      },
      "Microsoft.Build.Tasks.Git": {
        "type": "Transitive",
        "resolved": "8.0.0",
        "contentHash": "bZKfSIKJRXLTuSzLudMFte/8CempWjVamNUR5eHJizsy+iuOuO/k2gnh7W0dHJmYY0tBf+gUErfluCv5mySAOQ=="
      },
      "Microsoft.Extensions.Primitives": {
        "type": "Transitive",
        "resolved": "9.0.0",
        "contentHash": "N3qEBzmLMYiASUlKxxFIISP4AiwuPTHF5uCh+2CWSwwzAJiIYx0kBJsS30cp1nvhSySFAVi30jecD307jV+8Kg=="
      },
      "Microsoft.SourceLink.Common": {
        "type": "Transitive",
        "resolved": "8.0.0",
        "contentHash": "dk9JPxTCIevS75HyEQ0E4OVAFhB2N+V9ShCXf8Q6FkUQZDkgLI12y679Nym1YqsiSysuQskT7Z+6nUf3yab6Vw=="
      },
      "atap.utilities.collection.extensions": {
        "type": "Project",
        "dependencies": {
          "ATAP.Utilities.ETW": "[0.1.2, )",
          "System.Reactive": "[5.0.0, )"
        }
      },
      "atap.utilities.etw": {
        "type": "Project"
      },
      "atap.utilities.serializer.interfaces": {
        "type": "Project",
        "dependencies": {
          "ATAP.Utilities.ETW": "[0.1.2, )",
          "Microsoft.Extensions.Configuration.Abstractions": "[9.0.0, )"
        }
      },
      "atap.utilities.serializer.model": {
        "type": "Project",
        "dependencies": {
          "ATAP.Utilities.ETW": "[0.1.2, )",
          "ATAP.Utilities.Serializer.Interfaces": "[1.0.0, )",
          "ATAP.Utilities.Serializer.StringConstants": "[0.1.0-Alpha, )",
          "Microsoft.Extensions.Configuration": "[9.0.0, )",
          "Microsoft.Extensions.Configuration.Binder": "[9.0.0, )",
          "Microsoft.Extensions.DependencyInjection": "[10.0.2, )"
        }
      },
      "atap.utilities.serializer.shim.newtonsoft": {
        "type": "Project",
        "dependencies": {
          "ATAP.Utilities.Collection.Extensions": "[1.0.0, )",
          "ATAP.Utilities.ETW": "[0.1.2, )",
          "ATAP.Utilities.Serializer.Interfaces": "[1.0.0, )",
          "ATAP.Utilities.Serializer.Model": "[0.1.0-Alpha, )",
          "Microsoft.Extensions.Configuration.Abstractions": "[9.0.0, )",
          "Newtonsoft.Json": "[13.0.4, )"
        }
      },
      "atap.utilities.serializer.shim.systemtextjson": {
        "type": "Project",
        "dependencies": {
          "ATAP.Utilities.Collection.Extensions": "[1.0.0, )",
          "ATAP.Utilities.ETW": "[0.1.2, )",
          "ATAP.Utilities.Serializer.Interfaces": "[1.0.0, )",
          "ATAP.Utilities.Serializer.Model": "[0.1.0-Alpha, )",
          "Microsoft.Extensions.Configuration.Abstractions": "[9.0.0, )"
        }
      },
      "atap.utilities.serializer.stringconstants": {
        "type": "Project",
        "dependencies": {
          "ATAP.Utilities.ETW": "[0.1.2, )"
        }
      },
      "Microsoft.Extensions.Configuration": {
        "type": "CentralTransitive",
        "requested": "[9.0.0, )",
        "resolved": "9.0.0",
        "contentHash": "YIMO9T3JL8MeEXgVozKt2v79hquo/EFtnY0vgxmLnUvk1Rei/halI7kOWZL2RBeV9FMGzgM9LZA8CVaNwFMaNA==",
        "dependencies": {
          "Microsoft.Extensions.Configuration.Abstractions": "9.0.0",
          "Microsoft.Extensions.Primitives": "9.0.0"
        }
      },
      "Microsoft.Extensions.Configuration.Abstractions": {
        "type": "CentralTransitive",
        "requested": "[9.0.0, )",
        "resolved": "9.0.0",
        "contentHash": "lqvd7W3FGKUO1+ZoUEMaZ5XDJeWvjpy2/M/ptCGz3tXLD4HWVaSzjufsAsjemasBEg+2SxXVtYVvGt5r2nKDlg==",
        "dependencies": {
          "Microsoft.Extensions.Primitives": "9.0.0"
        }
      },
      "Microsoft.Extensions.Configuration.Binder": {
        "type": "CentralTransitive",
        "requested": "[9.0.0, )",
        "resolved": "9.0.0",
        "contentHash": "RiScL99DcyngY9zJA2ROrri7Br8tn5N4hP4YNvGdTN/bvg1A3dwvDOxHnNZ3Im7x2SJ5i4LkX1uPiR/MfSFBLQ==",
        "dependencies": {
          "Microsoft.Extensions.Configuration.Abstractions": "9.0.0"
        }
      },
      "Microsoft.Extensions.DependencyInjection": {
        "type": "CentralTransitive",
        "requested": "[10.0.2, )",
        "resolved": "10.0.2",
        "contentHash": "J/Zmp6fY93JbaiZ11ckWvcyxMPjD6XVwIHQXBjryTBgn7O6O20HYg9uVLFcZlNfgH78MnreE/7EH+hjfzn7VyA==",
        "dependencies": {
          "Microsoft.Extensions.DependencyInjection.Abstractions": "10.0.2"
        }
      },
      "Microsoft.Extensions.DependencyInjection.Abstractions": {
        "type": "CentralTransitive",
        "requested": "[10.0.2, )",
        "resolved": "10.0.2",
        "contentHash": "zOIurr59+kUf9vNcsUkCvKWZv+fPosUZXURZesYkJCvl0EzTc9F7maAO4Cd2WEV7ZJJ0AZrFQvuH6Npph9wdBw=="
      },
      "Newtonsoft.Json": {
        "type": "CentralTransitive",
        "requested": "[13.0.4, )",
        "resolved": "13.0.4",
        "contentHash": "pdgNNMai3zv51W5aq268sujXUyx7SNdE2bj1wZcWjAQrKMFZV260lbqYop1d2GM67JI1huLRwxo9ZqnfF/lC6A=="
      },
      "System.Reactive": {
        "type": "CentralTransitive",
        "requested": "[5.0.0, )",
        "resolved": "5.0.0",
        "contentHash": "erBZjkQHWL9jpasCE/0qKAryzVBJFxGHVBAvgRN1bzM0q2s1S4oYREEEL0Vb+1kA/6BKb5FjUZMp5VXmy+gzkQ=="
      }
    },
    "net8.0/linux-x64": {},
    "net8.0/win-x64": {},
    "net9.0": {
      "Microsoft.SourceLink.GitHub": {
        "type": "Direct",
        "requested": "[8.0.0, )",
        "resolved": "8.0.0",
        "contentHash": "G5q7OqtwIyGTkeIOAc3u2ZuV/kicQaec5EaRnc0pIeSnh9LUjj+PYQrJYBURvDt7twGl2PKA7nSN0kz1Zw5bnQ==",
        "dependencies": {
          "Microsoft.Build.Tasks.Git": "8.0.0",
          "Microsoft.SourceLink.Common": "8.0.0"
        }
      },
      "Nerdbank.GitVersioning": {
        "type": "Direct",
        "requested": "[3.9.50, )",
        "resolved": "3.9.50",
        "contentHash": "HtOgGF6jZ+WYbXnCUCYPT8Y2d6mIJo9ozjK/FINTRsXdm4Zgv9GehUMa7EFoGQkqrMcDJNOIDwCmENnvXg4UbA=="
      },
      "Microsoft.Build.Tasks.Git": {
        "type": "Transitive",
        "resolved": "8.0.0",
        "contentHash": "bZKfSIKJRXLTuSzLudMFte/8CempWjVamNUR5eHJizsy+iuOuO/k2gnh7W0dHJmYY0tBf+gUErfluCv5mySAOQ=="
      },
      "Microsoft.Extensions.Primitives": {
        "type": "Transitive",
        "resolved": "9.0.0",
        "contentHash": "N3qEBzmLMYiASUlKxxFIISP4AiwuPTHF5uCh+2CWSwwzAJiIYx0kBJsS30cp1nvhSySFAVi30jecD307jV+8Kg=="
      },
      "Microsoft.SourceLink.Common": {
        "type": "Transitive",
        "resolved": "8.0.0",
        "contentHash": "dk9JPxTCIevS75HyEQ0E4OVAFhB2N+V9ShCXf8Q6FkUQZDkgLI12y679Nym1YqsiSysuQskT7Z+6nUf3yab6Vw=="
      },
      "atap.utilities.collection.extensions": {
        "type": "Project",
        "dependencies": {
          "ATAP.Utilities.ETW": "[0.1.2, )",
          "System.Reactive": "[5.0.0, )"
        }
      },
      "atap.utilities.etw": {
        "type": "Project"
      },
      "atap.utilities.serializer.interfaces": {
        "type": "Project",
        "dependencies": {
          "ATAP.Utilities.ETW": "[0.1.2, )",
          "Microsoft.Extensions.Configuration.Abstractions": "[9.0.0, )"
        }
      },
      "atap.utilities.serializer.model": {
        "type": "Project",
        "dependencies": {
          "ATAP.Utilities.ETW": "[0.1.2, )",
          "ATAP.Utilities.Serializer.Interfaces": "[1.0.0, )",
          "ATAP.Utilities.Serializer.StringConstants": "[0.1.0-Alpha, )",
          "Microsoft.Extensions.Configuration": "[9.0.0, )",
          "Microsoft.Extensions.Configuration.Binder": "[9.0.0, )",
          "Microsoft.Extensions.DependencyInjection": "[10.0.2, )"
        }
      },
      "atap.utilities.serializer.shim.newtonsoft": {
        "type": "Project",
        "dependencies": {
          "ATAP.Utilities.Collection.Extensions": "[1.0.0, )",
          "ATAP.Utilities.ETW": "[0.1.2, )",
          "ATAP.Utilities.Serializer.Interfaces": "[1.0.0, )",
          "ATAP.Utilities.Serializer.Model": "[0.1.0-Alpha, )",
          "Microsoft.Extensions.Configuration.Abstractions": "[9.0.0, )",
          "Newtonsoft.Json": "[13.0.4, )"
        }
      },
      "atap.utilities.serializer.shim.systemtextjson": {
        "type": "Project",
        "dependencies": {
          "ATAP.Utilities.Collection.Extensions": "[1.0.0, )",
          "ATAP.Utilities.ETW": "[0.1.2, )",
          "ATAP.Utilities.Serializer.Interfaces": "[1.0.0, )",
          "ATAP.Utilities.Serializer.Model": "[0.1.0-Alpha, )",
          "Microsoft.Extensions.Configuration.Abstractions": "[9.0.0, )"
        }
      },
      "atap.utilities.serializer.stringconstants": {
        "type": "Project",
        "dependencies": {
          "ATAP.Utilities.ETW": "[0.1.2, )"
        }
      },
      "Microsoft.Extensions.Configuration": {
        "type": "CentralTransitive",
        "requested": "[9.0.0, )",
        "resolved": "9.0.0",
        "contentHash": "YIMO9T3JL8MeEXgVozKt2v79hquo/EFtnY0vgxmLnUvk1Rei/halI7kOWZL2RBeV9FMGzgM9LZA8CVaNwFMaNA==",
        "dependencies": {
          "Microsoft.Extensions.Configuration.Abstractions": "9.0.0",
          "Microsoft.Extensions.Primitives": "9.0.0"
        }
      },
      "Microsoft.Extensions.Configuration.Abstractions": {
        "type": "CentralTransitive",
        "requested": "[9.0.0, )",
        "resolved": "9.0.0",
        "contentHash": "lqvd7W3FGKUO1+ZoUEMaZ5XDJeWvjpy2/M/ptCGz3tXLD4HWVaSzjufsAsjemasBEg+2SxXVtYVvGt5r2nKDlg==",
        "dependencies": {
          "Microsoft.Extensions.Primitives": "9.0.0"
        }
      },
      "Microsoft.Extensions.Configuration.Binder": {
        "type": "CentralTransitive",
        "requested": "[9.0.0, )",
        "resolved": "9.0.0",
        "contentHash": "RiScL99DcyngY9zJA2ROrri7Br8tn5N4hP4YNvGdTN/bvg1A3dwvDOxHnNZ3Im7x2SJ5i4LkX1uPiR/MfSFBLQ==",
        "dependencies": {
          "Microsoft.Extensions.Configuration.Abstractions": "9.0.0"
        }
      },
      "Microsoft.Extensions.DependencyInjection": {
        "type": "CentralTransitive",
        "requested": "[10.0.2, )",
        "resolved": "10.0.2",
        "contentHash": "J/Zmp6fY93JbaiZ11ckWvcyxMPjD6XVwIHQXBjryTBgn7O6O20HYg9uVLFcZlNfgH78MnreE/7EH+hjfzn7VyA==",
        "dependencies": {
          "Microsoft.Extensions.DependencyInjection.Abstractions": "10.0.2"
        }
      },
      "Microsoft.Extensions.DependencyInjection.Abstractions": {
        "type": "CentralTransitive",
        "requested": "[10.0.2, )",
        "resolved": "10.0.2",
        "contentHash": "zOIurr59+kUf9vNcsUkCvKWZv+fPosUZXURZesYkJCvl0EzTc9F7maAO4Cd2WEV7ZJJ0AZrFQvuH6Npph9wdBw=="
      },
      "Newtonsoft.Json": {
        "type": "CentralTransitive",
        "requested": "[13.0.4, )",
        "resolved": "13.0.4",
        "contentHash": "pdgNNMai3zv51W5aq268sujXUyx7SNdE2bj1wZcWjAQrKMFZV260lbqYop1d2GM67JI1huLRwxo9ZqnfF/lC6A=="
      },
      "System.Reactive": {
        "type": "CentralTransitive",
        "requested": "[5.0.0, )",
        "resolved": "5.0.0",
        "contentHash": "erBZjkQHWL9jpasCE/0qKAryzVBJFxGHVBAvgRN1bzM0q2s1S4oYREEEL0Vb+1kA/6BKb5FjUZMp5VXmy+gzkQ=="
      }
    },
    "net9.0/linux-x64": {},
    "net9.0/win-x64": {}
  }
}