{
  "version": 2,
  "dependencies": {
    "net10.0": {
      "Microsoft.SourceLink.GitHub": {
        "type": "Direct",
        "requested": "[8.0.0, )",
        "resolved": "8.0.0",
        "contentHash": "G5q7OqtwIyGTkeIOAc3u2ZuV/kicQaec5EaRnc0pIeSnh9LUjj+PYQrJYBURvDt7twGl2PKA7nSN0kz1Zw5bnQ==",
        "dependencies": {
          "Microsoft.Build.Tasks.Git": "8.0.0",
          "Microsoft.SourceLink.Common": "8.0.0"
        }
      },
      "Nerdbank.GitVersioning": {
        "type": "Direct",
        "requested": "[3.9.50, )",
        "resolved": "3.9.50",
        "contentHash": "HtOgGF6jZ+WYbXnCUCYPT8Y2d6mIJo9ozjK/FINTRsXdm4Zgv9GehUMa7EFoGQkqrMcDJNOIDwCmENnvXg4UbA=="
      },
      "Microsoft.Build.Tasks.Git": {
        "type": "Transitive",
        "resolved": "8.0.0",
        "contentHash": "bZKfSIKJRXLTuSzLudMFte/8CempWjVamNUR5eHJizsy+iuOuO/k2gnh7W0dHJmYY0tBf+gUErfluCv5mySAOQ=="
      },
      "Microsoft.SourceLink.Common": {
        "type": "Transitive",
        "resolved": "8.0.0",
        "contentHash": "dk9JPxTCIevS75HyEQ0E4OVAFhB2N+V9ShCXf8Q6FkUQZDkgLI12y679Nym1YqsiSysuQskT7Z+6nUf3yab6Vw=="
      },
      "atap.utilities.computerinventory.hardware.enumerations": {
        "type": "Project",
        "dependencies": {
          "ATAP.Utilities.Enumeration": "[1.0.0, )"
        }
      },
      "atap.utilities.computerinventory.hardware.interfaces": {
        "type": "Project",
        "dependencies": {
          "ATAP.Utilities.ComputerInventory.Hardware.Enumerations": "[0.1.0-Alpha, )",
          "ATAP.Utilities.ConcurrentObservableCollections": "[1.0.0, )",
          "ATAP.Utilities.DateTime.Interfaces": "[1.0.0, )",
          "ATAP.Utilities.Philote.Interfaces": "[1.0.0, )",
          "ATAP.Utilities.StronglyTypedId.Models": "[1.0.0, )",
          "UnitsNet": "[5.60.0, )"
        }
      },
      "atap.utilities.concurrentobservablecollections": {
        "type": "Project"
      },
      "atap.utilities.datetime.interfaces": {
        "type": "Project",
        "dependencies": {
          "ATAP.Utilities.DateTime.StringConstants": "[1.0.0, )"
        }
      },
      "atap.utilities.datetime.stringconstants": {
        "type": "Project"
      },
      "atap.utilities.enumeration": {
        "type": "Project"
      },
      "atap.utilities.etw": {
        "type": "Project"
      },
      "atap.utilities.graphdatastructures.interfaces": {
        "type": "Project"
      },
      "atap.utilities.philote.interfaces": {
        "type": "Project",
        "dependencies": {
          "ATAP.Utilities.DateTime.Interfaces": "[1.0.0, )",
          "ATAP.Utilities.StronglyTypedId.Interfaces": "[1.0.0, )"
        }
      },
      "atap.utilities.stronglytypedid.interfaces": {
        "type": "Project"
      },
      "atap.utilities.stronglytypedid.models": {
        "type": "Project",
        "dependencies": {
          "ATAP.Utilities.StronglyTypedId.Interfaces": "[1.0.0, )"
        }
      }
    },
    "net10.0/linux-x64": {},
    "net10.0/win-x64": {},
    "net8.0": {
      "Microsoft.SourceLink.GitHub": {
        "type": "Direct",
        "requested": "[8.0.0, )",
        "resolved": "8.0.0",
        "contentHash": "G5q7OqtwIyGTkeIOAc3u2ZuV/kicQaec5EaRnc0pIeSnh9LUjj+PYQrJYBURvDt7twGl2PKA7nSN0kz1Zw5bnQ==",
        "dependencies": {
          "Microsoft.Build.Tasks.Git": "8.0.0",
          "Microsoft.SourceLink.Common": "8.0.0"
        }
      },
      "Nerdbank.GitVersioning": {
        "type": "Direct",
        "requested": "[3.9.50, )",
        "resolved": "3.9.50",
        "contentHash": "HtOgGF6jZ+WYbXnCUCYPT8Y2d6mIJo9ozjK/FINTRsXdm4Zgv9GehUMa7EFoGQkqrMcDJNOIDwCmENnvXg4UbA=="
      },
      "Microsoft.Build.Tasks.Git": {
        "type": "Transitive",
        "resolved": "8.0.0",
        "contentHash": "bZKfSIKJRXLTuSzLudMFte/8CempWjVamNUR5eHJizsy+iuOuO/k2gnh7W0dHJmYY0tBf+gUErfluCv5mySAOQ=="
      },
      "Microsoft.SourceLink.Common": {
        "type": "Transitive",
        "resolved": "8.0.0",
        "contentHash": "dk9JPxTCIevS75HyEQ0E4OVAFhB2N+V9ShCXf8Q6FkUQZDkgLI12y679Nym1YqsiSysuQskT7Z+6nUf3yab6Vw=="
      },
      "atap.utilities.computerinventory.hardware.enumerations": {
        "type": "Project",
        "dependencies": {
          "ATAP.Utilities.Enumeration": "[1.0.0, )"
        }
      },
      "atap.utilities.computerinventory.hardware.interfaces": {
        "type": "Project",
        "dependencies": {
          "ATAP.Utilities.ComputerInventory.Hardware.Enumerations": "[0.1.0-Alpha, )",
          "ATAP.Utilities.ConcurrentObservableCollections": "[1.0.0, )",
          "ATAP.Utilities.DateTime.Interfaces": "[1.0.0, )",
          "ATAP.Utilities.Philote.Interfaces": "[1.0.0, )",
          "ATAP.Utilities.StronglyTypedId.Models": "[1.0.0, )",
          "UnitsNet": "[5.60.0, )"
        }
      },
      "atap.utilities.concurrentobservablecollections": {
        "type": "Project",
        "dependencies": {
          "System.Collections.Immutable": "[9.0.0, )"
        }
      },
      "atap.utilities.datetime.interfaces": {
        "type": "Project",
        "dependencies": {
          "ATAP.Utilities.DateTime.StringConstants": "[1.0.0, )"
        }
      },
      "atap.utilities.datetime.stringconstants": {
        "type": "Project"
      },
      "atap.utilities.enumeration": {
        "type": "Project"
      },
      "atap.utilities.etw": {
        "type": "Project"
      },
      "atap.utilities.graphdatastructures.interfaces": {
        "type": "Project"
      },
      "atap.utilities.philote.interfaces": {
        "type": "Project",
        "dependencies": {
          "ATAP.Utilities.DateTime.Interfaces": "[1.0.0, )",
          "ATAP.Utilities.StronglyTypedId.Interfaces": "[1.0.0, )"
        }
      },
      "atap.utilities.stronglytypedid.interfaces": {
        "type": "Project"
      },
      "atap.utilities.stronglytypedid.models": {
        "type": "Project",
        "dependencies": {
          "ATAP.Utilities.StronglyTypedId.Interfaces": "[1.0.0, )"
        }
      }
    },
    "net8.0/linux-x64": {},
    "net8.0/win-x64": {},
    "net9.0": {
      "Microsoft.SourceLink.GitHub": {
        "type": "Direct",
        "requested": "[8.0.0, )",
        "resolved": "8.0.0",
        "contentHash": "G5q7OqtwIyGTkeIOAc3u2ZuV/kicQaec5EaRnc0pIeSnh9LUjj+PYQrJYBURvDt7twGl2PKA7nSN0kz1Zw5bnQ==",
        "dependencies": {
          "Microsoft.Build.Tasks.Git": "8.0.0",
          "Microsoft.SourceLink.Common": "8.0.0"
        }
      },
      "Nerdbank.GitVersioning": {
        "type": "Direct",
        "requested": "[3.9.50, )",
        "resolved": "3.9.50",
        "contentHash": "HtOgGF6jZ+WYbXnCUCYPT8Y2d6mIJo9ozjK/FINTRsXdm4Zgv9GehUMa7EFoGQkqrMcDJNOIDwCmENnvXg4UbA=="
      },
      "Microsoft.Build.Tasks.Git": {
        "type": "Transitive",
        "resolved": "8.0.0",
        "contentHash": "bZKfSIKJRXLTuSzLudMFte/8CempWjVamNUR5eHJizsy+iuOuO/k2gnh7W0dHJmYY0tBf+gUErfluCv5mySAOQ=="
      },
      "Microsoft.SourceLink.Common": {
        "type": "Transitive",
        "resolved": "8.0.0",
        "contentHash": "dk9JPxTCIevS75HyEQ0E4OVAFhB2N+V9ShCXf8Q6FkUQZDkgLI12y679Nym1YqsiSysuQskT7Z+6nUf3yab6Vw=="
      },
      "atap.utilities.computerinventory.hardware.enumerations": {
        "type": "Project",
        "dependencies": {
          "ATAP.Utilities.Enumeration": "[1.0.0, )"
        }
      },
      "atap.utilities.computerinventory.hardware.interfaces": {
        "type": "Project",
        "dependencies": {
          "ATAP.Utilities.ComputerInventory.Hardware.Enumerations": "[0.1.0-Alpha, )",
          "ATAP.Utilities.ConcurrentObservableCollections": "[1.0.0, )",
          "ATAP.Utilities.DateTime.Interfaces": "[1.0.0, )",
          "ATAP.Utilities.Philote.Interfaces": "[1.0.0, )",
          "ATAP.Utilities.StronglyTypedId.Models": "[1.0.0, )",
          "UnitsNet": "[5.60.0, )"
        }
      },
      "atap.utilities.concurrentobservablecollections": {
        "type": "Project"
      },
      "atap.utilities.datetime.interfaces": {
        "type": "Project",
        "dependencies": {
          "ATAP.Utilities.DateTime.StringConstants": "[1.0.0, )"
        }
      },
      "atap.utilities.datetime.stringconstants": {
        "type": "Project"
      },
      "atap.utilities.enumeration": {
        "type": "Project"
      },
      "atap.utilities.etw": {
        "type": "Project"
      },
      "atap.utilities.graphdatastructures.interfaces": {
        "type": "Project"
      },
      "atap.utilities.philote.interfaces": {
        "type": "Project",
        "dependencies": {
          "ATAP.Utilities.DateTime.Interfaces": "[1.0.0, )",
          "ATAP.Utilities.StronglyTypedId.Interfaces": "[1.0.0, )"
        }
      },
      "atap.utilities.stronglytypedid.interfaces": {
        "type": "Project"
      },
      "atap.utilities.stronglytypedid.models": {
        "type": "Project",
        "dependencies": {
          "ATAP.Utilities.StronglyTypedId.Interfaces": "[1.0.0, )"
        }
      }
    },
    "net9.0/linux-x64": {},
    "net9.0/win-x64": {}
  }
}